PODS:
  - AFDateHelper (4.2.7)
  - InputMask (4.1.1)
  - IQKeyboardManagerSwift (6.3.0)
  - ObjectMapper (3.4.2)
  - PhoneNumberKit (2.6.0):
    - PhoneNumberKit/PhoneNumberKitCore (= 2.6.0)
    - PhoneNumberKit/UIKit (= 2.6.0)
  - PhoneNumberKit/PhoneNumberKitCore (2.6.0)
  - PhoneNumberKit/UIKit (2.6.0):
    - PhoneNumberKit/PhoneNumberKitCore
  - UIColor_Hex_Swift (5.1.0)

DEPENDENCIES:
  - AFDateHelper (~> 4.2.7)
  - InputMask (~> 4.1.1)
  - IQKeyboardManagerSwift (~> 6.3.0)
  - ObjectMapper (~> 3.4.2)
  - PhoneNumberKit (~> 2.6.0)
  - UIColor_Hex_Swift (~> 5.1.0)

SPEC REPOS:
  https://github.com/cocoapods/specs.git:
    - AFDateHelper
    - InputMask
    - IQKeyboardManagerSwift
    - ObjectMapper
    - PhoneNumberKit
    - UIColor_Hex_Swift

SPEC CHECKSUMS:
  AFDateHelper: 4ad66fb19503041fbba8a3018cb7ef9c71b2ff88
  InputMask: 88c7c1432816333e884e647f8c2d69485ba525d1
  IQKeyboardManagerSwift: a8228c257614af98743b4cd8584637025f36358f
  ObjectMapper: 0d4402610f4e468903ae64629eec4784531e5c51
  PhoneNumberKit: 167ee1f0bbb6efce7c62559e620eae745595532f
  UIColor_Hex_Swift: 8be7432edacb7fa91c78aa05ef3c30b66e4f9415

PODFILE CHECKSUM: b702e5117eaedc71425712e5aef91e44201ad732

COCOAPODS: 1.7.0
