// !$*UTF8*$!
{
	archiveVersion = 1;
	classes = {
	};
	objectVersion = 50;
	objects = {

/* Begin PBXBuildFile section */
		CD3F522D58F3068385ED6D7B /* Pods_GISTFramework.framework in Frameworks */ = {isa = PBXBuildFile; fileRef = 61D44016179D8D1581E9FDEC /* Pods_GISTFramework.framework */; };
		DC2DC6E0258B91AA00FF6C64 /* GISTFramework.h in Headers */ = {isa = PBXBuildFile; fileRef = DC2DC6DE258B91AA00FF6C64 /* GISTFramework.h */; settings = {ATTRIBUTES = (Public, ); }; };
		DC2DC76A258B927700FF6C64 /* BaseUITableViewHeaderFooterView.swift in Sources */ = {isa = PBXBuildFile; fileRef = DC2DC6F2258B927700FF6C64 /* BaseUITableViewHeaderFooterView.swift */; };
		DC2DC76B258B927700FF6C64 /* BaseLayoutConstraint.swift in Sources */ = {isa = PBXBuildFile; fileRef = DC2DC6F3258B927700FF6C64 /* BaseLayoutConstraint.swift */; };
		DC2DC76C258B927700FF6C64 /* BaseUIButton.swift in Sources */ = {isa = PBXBuildFile; fileRef = DC2DC6F4258B927700FF6C64 /* BaseUIButton.swift */; };
		DC2DC76D258B927700FF6C64 /* BaseUIStepper.swift in Sources */ = {isa = PBXBuildFile; fileRef = DC2DC6F5258B927700FF6C64 /* BaseUIStepper.swift */; };
		DC2DC76E258B927700FF6C64 /* BaseUIPageControl.swift in Sources */ = {isa = PBXBuildFile; fileRef = DC2DC6F6258B927700FF6C64 /* BaseUIPageControl.swift */; };
		DC2DC76F258B927700FF6C64 /* BaseUIView.swift in Sources */ = {isa = PBXBuildFile; fileRef = DC2DC6F7258B927700FF6C64 /* BaseUIView.swift */; };
		DC2DC770258B927700FF6C64 /* BaseUIStackView.swift in Sources */ = {isa = PBXBuildFile; fileRef = DC2DC6F8258B927700FF6C64 /* BaseUIStackView.swift */; };
		DC2DC771258B927700FF6C64 /* BaseSeperatorLayoutConstraint.swift in Sources */ = {isa = PBXBuildFile; fileRef = DC2DC6F9258B927700FF6C64 /* BaseSeperatorLayoutConstraint.swift */; };
		DC2DC772258B927700FF6C64 /* BaseUITableViewController.swift in Sources */ = {isa = PBXBuildFile; fileRef = DC2DC6FA258B927700FF6C64 /* BaseUITableViewController.swift */; };
		DC2DC773258B927700FF6C64 /* BaseUITableViewCell.swift in Sources */ = {isa = PBXBuildFile; fileRef = DC2DC6FB258B927700FF6C64 /* BaseUITableViewCell.swift */; };
		DC2DC774258B927700FF6C64 /* BaseUISlider.swift in Sources */ = {isa = PBXBuildFile; fileRef = DC2DC6FC258B927700FF6C64 /* BaseUISlider.swift */; };
		DC2DC775258B927700FF6C64 /* BaseUITabBarController.swift in Sources */ = {isa = PBXBuildFile; fileRef = DC2DC6FD258B927700FF6C64 /* BaseUITabBarController.swift */; };
		DC2DC776258B927700FF6C64 /* BaseUIViewController.swift in Sources */ = {isa = PBXBuildFile; fileRef = DC2DC6FE258B927700FF6C64 /* BaseUIViewController.swift */; };
		DC2DC777258B927700FF6C64 /* BaseUILabel.swift in Sources */ = {isa = PBXBuildFile; fileRef = DC2DC6FF258B927700FF6C64 /* BaseUILabel.swift */; };
		DC2DC778258B927700FF6C64 /* BaseUICollectionView.swift in Sources */ = {isa = PBXBuildFile; fileRef = DC2DC700258B927700FF6C64 /* BaseUICollectionView.swift */; };
		DC2DC779258B927700FF6C64 /* BaseUISwitch.swift in Sources */ = {isa = PBXBuildFile; fileRef = DC2DC701258B927700FF6C64 /* BaseUISwitch.swift */; };
		DC2DC77A258B927700FF6C64 /* BaseUISearchBar.swift in Sources */ = {isa = PBXBuildFile; fileRef = DC2DC702258B927700FF6C64 /* BaseUISearchBar.swift */; };
		DC2DC77B258B927700FF6C64 /* BaseUITextField.swift in Sources */ = {isa = PBXBuildFile; fileRef = DC2DC703258B927700FF6C64 /* BaseUITextField.swift */; };
		DC2DC77C258B927700FF6C64 /* BaseUITableView.swift in Sources */ = {isa = PBXBuildFile; fileRef = DC2DC704258B927700FF6C64 /* BaseUITableView.swift */; };
		DC2DC77D258B927700FF6C64 /* BaseUINavigationController.swift in Sources */ = {isa = PBXBuildFile; fileRef = DC2DC705258B927700FF6C64 /* BaseUINavigationController.swift */; };
		DC2DC77E258B927700FF6C64 /* BaseUINavigationItem.swift in Sources */ = {isa = PBXBuildFile; fileRef = DC2DC706258B927700FF6C64 /* BaseUINavigationItem.swift */; };
		DC2DC77F258B927700FF6C64 /* BaseUIScrollView.swift in Sources */ = {isa = PBXBuildFile; fileRef = DC2DC707258B927700FF6C64 /* BaseUIScrollView.swift */; };
		DC2DC780258B927700FF6C64 /* BaseUISegmentedControl.swift in Sources */ = {isa = PBXBuildFile; fileRef = DC2DC708258B927700FF6C64 /* BaseUISegmentedControl.swift */; };
		DC2DC781258B927700FF6C64 /* BaseUISearchController.swift in Sources */ = {isa = PBXBuildFile; fileRef = DC2DC709258B927700FF6C64 /* BaseUISearchController.swift */; };
		DC2DC782258B927700FF6C64 /* BaseUITextView.swift in Sources */ = {isa = PBXBuildFile; fileRef = DC2DC70A258B927700FF6C64 /* BaseUITextView.swift */; };
		DC2DC783258B927700FF6C64 /* BaseUIDesignableButton.swift in Sources */ = {isa = PBXBuildFile; fileRef = DC2DC70B258B927700FF6C64 /* BaseUIDesignableButton.swift */; };
		DC2DC784258B927700FF6C64 /* BaseUICollectionViewCell.swift in Sources */ = {isa = PBXBuildFile; fileRef = DC2DC70C258B927700FF6C64 /* BaseUICollectionViewCell.swift */; };
		DC2DC785258B927700FF6C64 /* BaseUIBarButtonItem.swift in Sources */ = {isa = PBXBuildFile; fileRef = DC2DC70D258B927700FF6C64 /* BaseUIBarButtonItem.swift */; };
		DC2DC786258B927700FF6C64 /* Scale9Image.swift in Sources */ = {isa = PBXBuildFile; fileRef = DC2DC70E258B927700FF6C64 /* Scale9Image.swift */; };
		DC2DC787258B927700FF6C64 /* BaseUIImageView.swift in Sources */ = {isa = PBXBuildFile; fileRef = DC2DC70F258B927700FF6C64 /* BaseUIImageView.swift */; };
		DC2DC788258B927700FF6C64 /* BaseUIDesignableView.swift in Sources */ = {isa = PBXBuildFile; fileRef = DC2DC710258B927700FF6C64 /* BaseUIDesignableView.swift */; };
		DC2DC789258B927700FF6C64 /* HTTPServiceManager.swift in Sources */ = {isa = PBXBuildFile; fileRef = DC2DC713258B927700FF6C64 /* HTTPServiceManager.swift */; };
		DC2DC78A258B927700FF6C64 /* DataManager.swift in Sources */ = {isa = PBXBuildFile; fileRef = DC2DC715258B927700FF6C64 /* DataManager.swift */; };
		DC2DC78B258B927700FF6C64 /* ManagedParser.swift in Sources */ = {isa = PBXBuildFile; fileRef = DC2DC716258B927700FF6C64 /* ManagedParser.swift */; };
		DC2DC78C258B927700FF6C64 /* TutorialView.swift in Sources */ = {isa = PBXBuildFile; fileRef = DC2DC718258B927700FF6C64 /* TutorialView.swift */; };
		DC2DC78D258B927700FF6C64 /* ReachabilityHelper.swift in Sources */ = {isa = PBXBuildFile; fileRef = DC2DC71A258B927700FF6C64 /* ReachabilityHelper.swift */; };
		DC2DC78E258B927700FF6C64 /* GISTSocialUtils.swift in Sources */ = {isa = PBXBuildFile; fileRef = DC2DC71C258B927700FF6C64 /* GISTSocialUtils.swift */; };
		DC2DC78F258B927700FF6C64 /* GISTFile.swift in Sources */ = {isa = PBXBuildFile; fileRef = DC2DC71E258B927700FF6C64 /* GISTFile.swift */; };
		DC2DC790258B927700FF6C64 /* ModelUser.swift in Sources */ = {isa = PBXBuildFile; fileRef = DC2DC71F258B927700FF6C64 /* ModelUser.swift */; };
		DC2DC791258B927700FF6C64 /* GISTAppDelegate.swift in Sources */ = {isa = PBXBuildFile; fileRef = DC2DC721258B927700FF6C64 /* GISTAppDelegate.swift */; };
		DC2DC792258B927700FF6C64 /* GISTAuth.swift in Sources */ = {isa = PBXBuildFile; fileRef = DC2DC723258B927700FF6C64 /* GISTAuth.swift */; };
		DC2DC793258B927700FF6C64 /* GISTMicroAuth.swift in Sources */ = {isa = PBXBuildFile; fileRef = DC2DC724258B927700FF6C64 /* GISTMicroAuth.swift */; };
		DC2DC794258B927700FF6C64 /* Mappable+ToDictionary.swift in Sources */ = {isa = PBXBuildFile; fileRef = DC2DC726258B927700FF6C64 /* Mappable+ToDictionary.swift */; };
		DC2DC795258B927700FF6C64 /* GISTUser.swift in Sources */ = {isa = PBXBuildFile; fileRef = DC2DC727258B927700FF6C64 /* GISTUser.swift */; };
		DC2DC796258B927700FF6C64 /* GISTGlobal.swift in Sources */ = {isa = PBXBuildFile; fileRef = DC2DC729258B927700FF6C64 /* GISTGlobal.swift */; };
		DC2DC797258B927700FF6C64 /* GISTEnumNConstants.swift in Sources */ = {isa = PBXBuildFile; fileRef = DC2DC72A258B927700FF6C64 /* GISTEnumNConstants.swift */; };
		DC2DC798258B927700FF6C64 /* UIImage+Utility.swift in Sources */ = {isa = PBXBuildFile; fileRef = DC2DC72C258B927700FF6C64 /* UIImage+Utility.swift */; };
		DC2DC799258B927700FF6C64 /* UIColor+Utility.swift in Sources */ = {isa = PBXBuildFile; fileRef = DC2DC72D258B927700FF6C64 /* UIColor+Utility.swift */; };
		DC2DC79A258B927700FF6C64 /* Array+Utility.swift in Sources */ = {isa = PBXBuildFile; fileRef = DC2DC72E258B927700FF6C64 /* Array+Utility.swift */; };
		DC2DC79B258B927700FF6C64 /* UITableView+Utility.swift in Sources */ = {isa = PBXBuildFile; fileRef = DC2DC72F258B927700FF6C64 /* UITableView+Utility.swift */; };
		DC2DC79C258B927700FF6C64 /* String+Utility.swift in Sources */ = {isa = PBXBuildFile; fileRef = DC2DC730258B927700FF6C64 /* String+Utility.swift */; };
		DC2DC79D258B927700FF6C64 /* URL+Utility.swift in Sources */ = {isa = PBXBuildFile; fileRef = DC2DC731258B927700FF6C64 /* URL+Utility.swift */; };
		DC2DC79E258B927700FF6C64 /* UIApplication+Utility.swift in Sources */ = {isa = PBXBuildFile; fileRef = DC2DC732258B927700FF6C64 /* UIApplication+Utility.swift */; };
		DC2DC79F258B927700FF6C64 /* JSON+Utility.swift in Sources */ = {isa = PBXBuildFile; fileRef = DC2DC733258B927700FF6C64 /* JSON+Utility.swift */; };
		DC2DC7A0258B927700FF6C64 /* Int+Utility.swift in Sources */ = {isa = PBXBuildFile; fileRef = DC2DC734258B927700FF6C64 /* Int+Utility.swift */; };
		DC2DC7A1258B927700FF6C64 /* UIViewExtensions.swift in Sources */ = {isa = PBXBuildFile; fileRef = DC2DC735258B927700FF6C64 /* UIViewExtensions.swift */; };
		DC2DC7A2258B927700FF6C64 /* UIScrollView+Utility.swift in Sources */ = {isa = PBXBuildFile; fileRef = DC2DC736258B927700FF6C64 /* UIScrollView+Utility.swift */; };
		DC2DC7A3258B927700FF6C64 /* Data+Utility.swift in Sources */ = {isa = PBXBuildFile; fileRef = DC2DC737258B927700FF6C64 /* Data+Utility.swift */; };
		DC2DC7A4258B927700FF6C64 /* UITextField+Utility.swift in Sources */ = {isa = PBXBuildFile; fileRef = DC2DC738258B927700FF6C64 /* UITextField+Utility.swift */; };
		DC2DC7A5258B927700FF6C64 /* UIImageView+Utility.swift in Sources */ = {isa = PBXBuildFile; fileRef = DC2DC739258B927700FF6C64 /* UIImageView+Utility.swift */; };
		DC2DC7A6258B927700FF6C64 /* UIFont+Utility.swift in Sources */ = {isa = PBXBuildFile; fileRef = DC2DC73A258B927700FF6C64 /* UIFont+Utility.swift */; };
		DC2DC7A7258B927700FF6C64 /* CLPlacemark+Utility.swift in Sources */ = {isa = PBXBuildFile; fileRef = DC2DC73B258B927700FF6C64 /* CLPlacemark+Utility.swift */; };
		DC2DC7A8258B927700FF6C64 /* UIView+Utility.swift in Sources */ = {isa = PBXBuildFile; fileRef = DC2DC73C258B927700FF6C64 /* UIView+Utility.swift */; };
		DC2DC7A9258B927700FF6C64 /* Gradient+Utility.swift in Sources */ = {isa = PBXBuildFile; fileRef = DC2DC73D258B927700FF6C64 /* Gradient+Utility.swift */; };
		DC2DC7AA258B927700FF6C64 /* MaskedPhoneTextFieldDelegate.swift in Sources */ = {isa = PBXBuildFile; fileRef = DC2DC73F258B927700FF6C64 /* MaskedPhoneTextFieldDelegate.swift */; };
		DC2DC7AB258B927700FF6C64 /* PopoverControllerView.swift in Sources */ = {isa = PBXBuildFile; fileRef = DC2DC740258B927700FF6C64 /* PopoverControllerView.swift */; };
		DC2DC7AC258B927700FF6C64 /* BaseUIPopoverNavigationController.swift in Sources */ = {isa = PBXBuildFile; fileRef = DC2DC741258B927700FF6C64 /* BaseUIPopoverNavigationController.swift */; };
		DC2DC7AD258B927700FF6C64 /* PinCodeTextField.swift in Sources */ = {isa = PBXBuildFile; fileRef = DC2DC742258B927700FF6C64 /* PinCodeTextField.swift */; };
		DC2DC7AE258B927700FF6C64 /* FloatingLabelTextField.swift in Sources */ = {isa = PBXBuildFile; fileRef = DC2DC743258B927700FF6C64 /* FloatingLabelTextField.swift */; };
		DC2DC7AF258B927700FF6C64 /* ValidatedTextInput.swift in Sources */ = {isa = PBXBuildFile; fileRef = DC2DC744258B927700FF6C64 /* ValidatedTextInput.swift */; };
		DC2DC7B0258B927700FF6C64 /* ValidatedTextView.swift in Sources */ = {isa = PBXBuildFile; fileRef = DC2DC745258B927700FF6C64 /* ValidatedTextView.swift */; };
		DC2DC7B1258B927700FF6C64 /* CustomUIImageView.swift in Sources */ = {isa = PBXBuildFile; fileRef = DC2DC746258B927700FF6C64 /* CustomUIImageView.swift */; };
		DC2DC7B2258B927700FF6C64 /* CustomUIButtonDetailed.swift in Sources */ = {isa = PBXBuildFile; fileRef = DC2DC747258B927700FF6C64 /* CustomUIButtonDetailed.swift */; };
		DC2DC7B3258B927700FF6C64 /* UIRadioButton.swift in Sources */ = {isa = PBXBuildFile; fileRef = DC2DC748258B927700FF6C64 /* UIRadioButton.swift */; };
		DC2DC7B4258B927700FF6C64 /* ValidatedTextField.swift in Sources */ = {isa = PBXBuildFile; fileRef = DC2DC749258B927700FF6C64 /* ValidatedTextField.swift */; };
		DC2DC7B5258B927700FF6C64 /* ProgressUIButton.swift in Sources */ = {isa = PBXBuildFile; fileRef = DC2DC74A258B927700FF6C64 /* ProgressUIButton.swift */; };
		DC2DC7B6258B927700FF6C64 /* AnimatedTextInput.swift in Sources */ = {isa = PBXBuildFile; fileRef = DC2DC74C258B927700FF6C64 /* AnimatedTextInput.swift */; };
		DC2DC7B7258B927700FF6C64 /* AnimatedTextView.swift in Sources */ = {isa = PBXBuildFile; fileRef = DC2DC74D258B927700FF6C64 /* AnimatedTextView.swift */; };
		DC2DC7B8258B927700FF6C64 /* AnimatedTextInputFieldConfigurator.swift in Sources */ = {isa = PBXBuildFile; fileRef = DC2DC74E258B927700FF6C64 /* AnimatedTextInputFieldConfigurator.swift */; };
		DC2DC7B9258B927700FF6C64 /* ValidatedAnimatedTextInput.swift in Sources */ = {isa = PBXBuildFile; fileRef = DC2DC74F258B927700FF6C64 /* ValidatedAnimatedTextInput.swift */; };
		DC2DC7BA258B927700FF6C64 /* AnimatedLine.swift in Sources */ = {isa = PBXBuildFile; fileRef = DC2DC750258B927700FF6C64 /* AnimatedLine.swift */; };
		DC2DC7BB258B927700FF6C64 /* AnimatedInputMaskTextField.swift in Sources */ = {isa = PBXBuildFile; fileRef = DC2DC751258B927700FF6C64 /* AnimatedInputMaskTextField.swift */; };
		DC2DC7BC258B927700FF6C64 /* AnimatedTextField.swift in Sources */ = {isa = PBXBuildFile; fileRef = DC2DC752258B927700FF6C64 /* AnimatedTextField.swift */; };
		DC2DC7BD258B927700FF6C64 /* AnimatedTextInputStyle.swift in Sources */ = {isa = PBXBuildFile; fileRef = DC2DC753258B927700FF6C64 /* AnimatedTextInputStyle.swift */; };
		DC2DC7BE258B927700FF6C64 /* PopoverController.swift in Sources */ = {isa = PBXBuildFile; fileRef = DC2DC754258B927700FF6C64 /* PopoverController.swift */; };
		DC2DC7BF258B927700FF6C64 /* CustomImageView.swift in Sources */ = {isa = PBXBuildFile; fileRef = DC2DC755258B927700FF6C64 /* CustomImageView.swift */; };
		DC2DC7C0258B927700FF6C64 /* CustomUIButton.swift in Sources */ = {isa = PBXBuildFile; fileRef = DC2DC756258B927700FF6C64 /* CustomUIButton.swift */; };
		DC2DC7C1258B927700FF6C64 /* InputMaskTextField.swift in Sources */ = {isa = PBXBuildFile; fileRef = DC2DC757258B927700FF6C64 /* InputMaskTextField.swift */; };
		DC2DC7C2258B927700FF6C64 /* UnderlinedUITextField.swift in Sources */ = {isa = PBXBuildFile; fileRef = DC2DC758258B927700FF6C64 /* UnderlinedUITextField.swift */; };
		DC2DC7C3258B927700FF6C64 /* GISTUtility.swift in Sources */ = {isa = PBXBuildFile; fileRef = DC2DC75A258B927700FF6C64 /* GISTUtility.swift */; };
		DC2DC7C4258B927700FF6C64 /* GISTConfig.swift in Sources */ = {isa = PBXBuildFile; fileRef = DC2DC75B258B927700FF6C64 /* GISTConfig.swift */; };
		DC2DC7C5258B927700FF6C64 /* AppInfo.swift in Sources */ = {isa = PBXBuildFile; fileRef = DC2DC75C258B927700FF6C64 /* AppInfo.swift */; };
		DC2DC7C6258B927700FF6C64 /* ThresholdTime.swift in Sources */ = {isa = PBXBuildFile; fileRef = DC2DC75D258B927700FF6C64 /* ThresholdTime.swift */; };
		DC2DC7C7258B927700FF6C64 /* GISTApplication.swift in Sources */ = {isa = PBXBuildFile; fileRef = DC2DC75E258B927700FF6C64 /* GISTApplication.swift */; };
		DC2DC7C8258B927700FF6C64 /* BaseViewProtocol.swift in Sources */ = {isa = PBXBuildFile; fileRef = DC2DC75F258B927700FF6C64 /* BaseViewProtocol.swift */; };
		DC2DC7C9258B927700FF6C64 /* Weak.swift in Sources */ = {isa = PBXBuildFile; fileRef = DC2DC760258B927700FF6C64 /* Weak.swift */; };
		DC2DC7CA258B927700FF6C64 /* SyncedFontStyles.swift in Sources */ = {isa = PBXBuildFile; fileRef = DC2DC763258B927700FF6C64 /* SyncedFontStyles.swift */; };
		DC2DC7CB258B927700FF6C64 /* SyncedText.swift in Sources */ = {isa = PBXBuildFile; fileRef = DC2DC764258B927700FF6C64 /* SyncedText.swift */; };
		DC2DC7CC258B927700FF6C64 /* SyncedColors.swift in Sources */ = {isa = PBXBuildFile; fileRef = DC2DC765258B927700FF6C64 /* SyncedColors.swift */; };
		DC2DC7CD258B927700FF6C64 /* SyncedConstants.swift in Sources */ = {isa = PBXBuildFile; fileRef = DC2DC766258B927700FF6C64 /* SyncedConstants.swift */; };
		DC2DC7CE258B927700FF6C64 /* SyncEngine.swift in Sources */ = {isa = PBXBuildFile; fileRef = DC2DC767258B927700FF6C64 /* SyncEngine.swift */; };
		DC2DC7CF258B927700FF6C64 /* Assets.xcassets in Resources */ = {isa = PBXBuildFile; fileRef = DC2DC769258B927700FF6C64 /* Assets.xcassets */; };
/* End PBXBuildFile section */

/* Begin PBXFileReference section */
		61D44016179D8D1581E9FDEC /* Pods_GISTFramework.framework */ = {isa = PBXFileReference; explicitFileType = wrapper.framework; includeInIndex = 0; path = Pods_GISTFramework.framework; sourceTree = BUILT_PRODUCTS_DIR; };
		7D53D375F6A59E4D08C4C9AB /* Pods-GISTFramework.release.xcconfig */ = {isa = PBXFileReference; includeInIndex = 1; lastKnownFileType = text.xcconfig; name = "Pods-GISTFramework.release.xcconfig"; path = "Target Support Files/Pods-GISTFramework/Pods-GISTFramework.release.xcconfig"; sourceTree = "<group>"; };
		9D0CE4B8A0DE71E335B58C04 /* Pods-GISTFramework.debug.xcconfig */ = {isa = PBXFileReference; includeInIndex = 1; lastKnownFileType = text.xcconfig; name = "Pods-GISTFramework.debug.xcconfig"; path = "Target Support Files/Pods-GISTFramework/Pods-GISTFramework.debug.xcconfig"; sourceTree = "<group>"; };
		DC2DC6DB258B91AA00FF6C64 /* GISTFramework.framework */ = {isa = PBXFileReference; explicitFileType = wrapper.framework; includeInIndex = 0; path = GISTFramework.framework; sourceTree = BUILT_PRODUCTS_DIR; };
		DC2DC6DE258B91AA00FF6C64 /* GISTFramework.h */ = {isa = PBXFileReference; lastKnownFileType = sourcecode.c.h; path = GISTFramework.h; sourceTree = "<group>"; };
		DC2DC6DF258B91AA00FF6C64 /* Info.plist */ = {isa = PBXFileReference; lastKnownFileType = text.plist.xml; path = Info.plist; sourceTree = "<group>"; };
		DC2DC6F2258B927700FF6C64 /* BaseUITableViewHeaderFooterView.swift */ = {isa = PBXFileReference; fileEncoding = 4; lastKnownFileType = sourcecode.swift; path = BaseUITableViewHeaderFooterView.swift; sourceTree = "<group>"; };
		DC2DC6F3258B927700FF6C64 /* BaseLayoutConstraint.swift */ = {isa = PBXFileReference; fileEncoding = 4; lastKnownFileType = sourcecode.swift; path = BaseLayoutConstraint.swift; sourceTree = "<group>"; };
		DC2DC6F4258B927700FF6C64 /* BaseUIButton.swift */ = {isa = PBXFileReference; fileEncoding = 4; lastKnownFileType = sourcecode.swift; path = BaseUIButton.swift; sourceTree = "<group>"; };
		DC2DC6F5258B927700FF6C64 /* BaseUIStepper.swift */ = {isa = PBXFileReference; fileEncoding = 4; lastKnownFileType = sourcecode.swift; path = BaseUIStepper.swift; sourceTree = "<group>"; };
		DC2DC6F6258B927700FF6C64 /* BaseUIPageControl.swift */ = {isa = PBXFileReference; fileEncoding = 4; lastKnownFileType = sourcecode.swift; path = BaseUIPageControl.swift; sourceTree = "<group>"; };
		DC2DC6F7258B927700FF6C64 /* BaseUIView.swift */ = {isa = PBXFileReference; fileEncoding = 4; lastKnownFileType = sourcecode.swift; path = BaseUIView.swift; sourceTree = "<group>"; };
		DC2DC6F8258B927700FF6C64 /* BaseUIStackView.swift */ = {isa = PBXFileReference; fileEncoding = 4; lastKnownFileType = sourcecode.swift; path = BaseUIStackView.swift; sourceTree = "<group>"; };
		DC2DC6F9258B927700FF6C64 /* BaseSeperatorLayoutConstraint.swift */ = {isa = PBXFileReference; fileEncoding = 4; lastKnownFileType = sourcecode.swift; path = BaseSeperatorLayoutConstraint.swift; sourceTree = "<group>"; };
		DC2DC6FA258B927700FF6C64 /* BaseUITableViewController.swift */ = {isa = PBXFileReference; fileEncoding = 4; lastKnownFileType = sourcecode.swift; path = BaseUITableViewController.swift; sourceTree = "<group>"; };
		DC2DC6FB258B927700FF6C64 /* BaseUITableViewCell.swift */ = {isa = PBXFileReference; fileEncoding = 4; lastKnownFileType = sourcecode.swift; path = BaseUITableViewCell.swift; sourceTree = "<group>"; };
		DC2DC6FC258B927700FF6C64 /* BaseUISlider.swift */ = {isa = PBXFileReference; fileEncoding = 4; lastKnownFileType = sourcecode.swift; path = BaseUISlider.swift; sourceTree = "<group>"; };
		DC2DC6FD258B927700FF6C64 /* BaseUITabBarController.swift */ = {isa = PBXFileReference; fileEncoding = 4; lastKnownFileType = sourcecode.swift; path = BaseUITabBarController.swift; sourceTree = "<group>"; };
		DC2DC6FE258B927700FF6C64 /* BaseUIViewController.swift */ = {isa = PBXFileReference; fileEncoding = 4; lastKnownFileType = sourcecode.swift; path = BaseUIViewController.swift; sourceTree = "<group>"; };
		DC2DC6FF258B927700FF6C64 /* BaseUILabel.swift */ = {isa = PBXFileReference; fileEncoding = 4; lastKnownFileType = sourcecode.swift; path = BaseUILabel.swift; sourceTree = "<group>"; };
		DC2DC700258B927700FF6C64 /* BaseUICollectionView.swift */ = {isa = PBXFileReference; fileEncoding = 4; lastKnownFileType = sourcecode.swift; path = BaseUICollectionView.swift; sourceTree = "<group>"; };
		DC2DC701258B927700FF6C64 /* BaseUISwitch.swift */ = {isa = PBXFileReference; fileEncoding = 4; lastKnownFileType = sourcecode.swift; path = BaseUISwitch.swift; sourceTree = "<group>"; };
		DC2DC702258B927700FF6C64 /* BaseUISearchBar.swift */ = {isa = PBXFileReference; fileEncoding = 4; lastKnownFileType = sourcecode.swift; path = BaseUISearchBar.swift; sourceTree = "<group>"; };
		DC2DC703258B927700FF6C64 /* BaseUITextField.swift */ = {isa = PBXFileReference; fileEncoding = 4; lastKnownFileType = sourcecode.swift; path = BaseUITextField.swift; sourceTree = "<group>"; };
		DC2DC704258B927700FF6C64 /* BaseUITableView.swift */ = {isa = PBXFileReference; fileEncoding = 4; lastKnownFileType = sourcecode.swift; path = BaseUITableView.swift; sourceTree = "<group>"; };
		DC2DC705258B927700FF6C64 /* BaseUINavigationController.swift */ = {isa = PBXFileReference; fileEncoding = 4; lastKnownFileType = sourcecode.swift; path = BaseUINavigationController.swift; sourceTree = "<group>"; };
		DC2DC706258B927700FF6C64 /* BaseUINavigationItem.swift */ = {isa = PBXFileReference; fileEncoding = 4; lastKnownFileType = sourcecode.swift; path = BaseUINavigationItem.swift; sourceTree = "<group>"; };
		DC2DC707258B927700FF6C64 /* BaseUIScrollView.swift */ = {isa = PBXFileReference; fileEncoding = 4; lastKnownFileType = sourcecode.swift; path = BaseUIScrollView.swift; sourceTree = "<group>"; };
		DC2DC708258B927700FF6C64 /* BaseUISegmentedControl.swift */ = {isa = PBXFileReference; fileEncoding = 4; lastKnownFileType = sourcecode.swift; path = BaseUISegmentedControl.swift; sourceTree = "<group>"; };
		DC2DC709258B927700FF6C64 /* BaseUISearchController.swift */ = {isa = PBXFileReference; fileEncoding = 4; lastKnownFileType = sourcecode.swift; path = BaseUISearchController.swift; sourceTree = "<group>"; };
		DC2DC70A258B927700FF6C64 /* BaseUITextView.swift */ = {isa = PBXFileReference; fileEncoding = 4; lastKnownFileType = sourcecode.swift; path = BaseUITextView.swift; sourceTree = "<group>"; };
		DC2DC70B258B927700FF6C64 /* BaseUIDesignableButton.swift */ = {isa = PBXFileReference; fileEncoding = 4; lastKnownFileType = sourcecode.swift; path = BaseUIDesignableButton.swift; sourceTree = "<group>"; };
		DC2DC70C258B927700FF6C64 /* BaseUICollectionViewCell.swift */ = {isa = PBXFileReference; fileEncoding = 4; lastKnownFileType = sourcecode.swift; path = BaseUICollectionViewCell.swift; sourceTree = "<group>"; };
		DC2DC70D258B927700FF6C64 /* BaseUIBarButtonItem.swift */ = {isa = PBXFileReference; fileEncoding = 4; lastKnownFileType = sourcecode.swift; path = BaseUIBarButtonItem.swift; sourceTree = "<group>"; };
		DC2DC70E258B927700FF6C64 /* Scale9Image.swift */ = {isa = PBXFileReference; fileEncoding = 4; lastKnownFileType = sourcecode.swift; path = Scale9Image.swift; sourceTree = "<group>"; };
		DC2DC70F258B927700FF6C64 /* BaseUIImageView.swift */ = {isa = PBXFileReference; fileEncoding = 4; lastKnownFileType = sourcecode.swift; path = BaseUIImageView.swift; sourceTree = "<group>"; };
		DC2DC710258B927700FF6C64 /* BaseUIDesignableView.swift */ = {isa = PBXFileReference; fileEncoding = 4; lastKnownFileType = sourcecode.swift; path = BaseUIDesignableView.swift; sourceTree = "<group>"; };
		DC2DC713258B927700FF6C64 /* HTTPServiceManager.swift */ = {isa = PBXFileReference; fileEncoding = 4; lastKnownFileType = sourcecode.swift; path = HTTPServiceManager.swift; sourceTree = "<group>"; };
		DC2DC715258B927700FF6C64 /* DataManager.swift */ = {isa = PBXFileReference; fileEncoding = 4; lastKnownFileType = sourcecode.swift; path = DataManager.swift; sourceTree = "<group>"; };
		DC2DC716258B927700FF6C64 /* ManagedParser.swift */ = {isa = PBXFileReference; fileEncoding = 4; lastKnownFileType = sourcecode.swift; path = ManagedParser.swift; sourceTree = "<group>"; };
		DC2DC718258B927700FF6C64 /* TutorialView.swift */ = {isa = PBXFileReference; fileEncoding = 4; lastKnownFileType = sourcecode.swift; path = TutorialView.swift; sourceTree = "<group>"; };
		DC2DC71A258B927700FF6C64 /* ReachabilityHelper.swift */ = {isa = PBXFileReference; fileEncoding = 4; lastKnownFileType = sourcecode.swift; path = ReachabilityHelper.swift; sourceTree = "<group>"; };
		DC2DC71C258B927700FF6C64 /* GISTSocialUtils.swift */ = {isa = PBXFileReference; fileEncoding = 4; lastKnownFileType = sourcecode.swift; path = GISTSocialUtils.swift; sourceTree = "<group>"; };
		DC2DC71E258B927700FF6C64 /* GISTFile.swift */ = {isa = PBXFileReference; fileEncoding = 4; lastKnownFileType = sourcecode.swift; path = GISTFile.swift; sourceTree = "<group>"; };
		DC2DC71F258B927700FF6C64 /* ModelUser.swift */ = {isa = PBXFileReference; fileEncoding = 4; lastKnownFileType = sourcecode.swift; path = ModelUser.swift; sourceTree = "<group>"; };
		DC2DC721258B927700FF6C64 /* GISTAppDelegate.swift */ = {isa = PBXFileReference; fileEncoding = 4; lastKnownFileType = sourcecode.swift; path = GISTAppDelegate.swift; sourceTree = "<group>"; };
		DC2DC723258B927700FF6C64 /* GISTAuth.swift */ = {isa = PBXFileReference; fileEncoding = 4; lastKnownFileType = sourcecode.swift; path = GISTAuth.swift; sourceTree = "<group>"; };
		DC2DC724258B927700FF6C64 /* GISTMicroAuth.swift */ = {isa = PBXFileReference; fileEncoding = 4; lastKnownFileType = sourcecode.swift; path = GISTMicroAuth.swift; sourceTree = "<group>"; };
		DC2DC726258B927700FF6C64 /* Mappable+ToDictionary.swift */ = {isa = PBXFileReference; fileEncoding = 4; lastKnownFileType = sourcecode.swift; path = "Mappable+ToDictionary.swift"; sourceTree = "<group>"; };
		DC2DC727258B927700FF6C64 /* GISTUser.swift */ = {isa = PBXFileReference; fileEncoding = 4; lastKnownFileType = sourcecode.swift; path = GISTUser.swift; sourceTree = "<group>"; };
		DC2DC729258B927700FF6C64 /* GISTGlobal.swift */ = {isa = PBXFileReference; fileEncoding = 4; lastKnownFileType = sourcecode.swift; path = GISTGlobal.swift; sourceTree = "<group>"; };
		DC2DC72A258B927700FF6C64 /* GISTEnumNConstants.swift */ = {isa = PBXFileReference; fileEncoding = 4; lastKnownFileType = sourcecode.swift; path = GISTEnumNConstants.swift; sourceTree = "<group>"; };
		DC2DC72C258B927700FF6C64 /* UIImage+Utility.swift */ = {isa = PBXFileReference; fileEncoding = 4; lastKnownFileType = sourcecode.swift; path = "UIImage+Utility.swift"; sourceTree = "<group>"; };
		DC2DC72D258B927700FF6C64 /* UIColor+Utility.swift */ = {isa = PBXFileReference; fileEncoding = 4; lastKnownFileType = sourcecode.swift; path = "UIColor+Utility.swift"; sourceTree = "<group>"; };
		DC2DC72E258B927700FF6C64 /* Array+Utility.swift */ = {isa = PBXFileReference; fileEncoding = 4; lastKnownFileType = sourcecode.swift; path = "Array+Utility.swift"; sourceTree = "<group>"; };
		DC2DC72F258B927700FF6C64 /* UITableView+Utility.swift */ = {isa = PBXFileReference; fileEncoding = 4; lastKnownFileType = sourcecode.swift; path = "UITableView+Utility.swift"; sourceTree = "<group>"; };
		DC2DC730258B927700FF6C64 /* String+Utility.swift */ = {isa = PBXFileReference; fileEncoding = 4; lastKnownFileType = sourcecode.swift; path = "String+Utility.swift"; sourceTree = "<group>"; };
		DC2DC731258B927700FF6C64 /* URL+Utility.swift */ = {isa = PBXFileReference; fileEncoding = 4; lastKnownFileType = sourcecode.swift; path = "URL+Utility.swift"; sourceTree = "<group>"; };
		DC2DC732258B927700FF6C64 /* UIApplication+Utility.swift */ = {isa = PBXFileReference; fileEncoding = 4; lastKnownFileType = sourcecode.swift; path = "UIApplication+Utility.swift"; sourceTree = "<group>"; };
		DC2DC733258B927700FF6C64 /* JSON+Utility.swift */ = {isa = PBXFileReference; fileEncoding = 4; lastKnownFileType = sourcecode.swift; path = "JSON+Utility.swift"; sourceTree = "<group>"; };
		DC2DC734258B927700FF6C64 /* Int+Utility.swift */ = {isa = PBXFileReference; fileEncoding = 4; lastKnownFileType = sourcecode.swift; path = "Int+Utility.swift"; sourceTree = "<group>"; };
		DC2DC735258B927700FF6C64 /* UIViewExtensions.swift */ = {isa = PBXFileReference; fileEncoding = 4; lastKnownFileType = sourcecode.swift; path = UIViewExtensions.swift; sourceTree = "<group>"; };
		DC2DC736258B927700FF6C64 /* UIScrollView+Utility.swift */ = {isa = PBXFileReference; fileEncoding = 4; lastKnownFileType = sourcecode.swift; path = "UIScrollView+Utility.swift"; sourceTree = "<group>"; };
		DC2DC737258B927700FF6C64 /* Data+Utility.swift */ = {isa = PBXFileReference; fileEncoding = 4; lastKnownFileType = sourcecode.swift; path = "Data+Utility.swift"; sourceTree = "<group>"; };
		DC2DC738258B927700FF6C64 /* UITextField+Utility.swift */ = {isa = PBXFileReference; fileEncoding = 4; lastKnownFileType = sourcecode.swift; path = "UITextField+Utility.swift"; sourceTree = "<group>"; };
		DC2DC739258B927700FF6C64 /* UIImageView+Utility.swift */ = {isa = PBXFileReference; fileEncoding = 4; lastKnownFileType = sourcecode.swift; path = "UIImageView+Utility.swift"; sourceTree = "<group>"; };
		DC2DC73A258B927700FF6C64 /* UIFont+Utility.swift */ = {isa = PBXFileReference; fileEncoding = 4; lastKnownFileType = sourcecode.swift; path = "UIFont+Utility.swift"; sourceTree = "<group>"; };
		DC2DC73B258B927700FF6C64 /* CLPlacemark+Utility.swift */ = {isa = PBXFileReference; fileEncoding = 4; lastKnownFileType = sourcecode.swift; path = "CLPlacemark+Utility.swift"; sourceTree = "<group>"; };
		DC2DC73C258B927700FF6C64 /* UIView+Utility.swift */ = {isa = PBXFileReference; fileEncoding = 4; lastKnownFileType = sourcecode.swift; path = "UIView+Utility.swift"; sourceTree = "<group>"; };
		DC2DC73D258B927700FF6C64 /* Gradient+Utility.swift */ = {isa = PBXFileReference; fileEncoding = 4; lastKnownFileType = sourcecode.swift; path = "Gradient+Utility.swift"; sourceTree = "<group>"; };
		DC2DC73F258B927700FF6C64 /* MaskedPhoneTextFieldDelegate.swift */ = {isa = PBXFileReference; fileEncoding = 4; lastKnownFileType = sourcecode.swift; path = MaskedPhoneTextFieldDelegate.swift; sourceTree = "<group>"; };
		DC2DC740258B927700FF6C64 /* PopoverControllerView.swift */ = {isa = PBXFileReference; fileEncoding = 4; lastKnownFileType = sourcecode.swift; path = PopoverControllerView.swift; sourceTree = "<group>"; };
		DC2DC741258B927700FF6C64 /* BaseUIPopoverNavigationController.swift */ = {isa = PBXFileReference; fileEncoding = 4; lastKnownFileType = sourcecode.swift; path = BaseUIPopoverNavigationController.swift; sourceTree = "<group>"; };
		DC2DC742258B927700FF6C64 /* PinCodeTextField.swift */ = {isa = PBXFileReference; fileEncoding = 4; lastKnownFileType = sourcecode.swift; path = PinCodeTextField.swift; sourceTree = "<group>"; };
		DC2DC743258B927700FF6C64 /* FloatingLabelTextField.swift */ = {isa = PBXFileReference; fileEncoding = 4; lastKnownFileType = sourcecode.swift; path = FloatingLabelTextField.swift; sourceTree = "<group>"; };
		DC2DC744258B927700FF6C64 /* ValidatedTextInput.swift */ = {isa = PBXFileReference; fileEncoding = 4; lastKnownFileType = sourcecode.swift; path = ValidatedTextInput.swift; sourceTree = "<group>"; };
		DC2DC745258B927700FF6C64 /* ValidatedTextView.swift */ = {isa = PBXFileReference; fileEncoding = 4; lastKnownFileType = sourcecode.swift; path = ValidatedTextView.swift; sourceTree = "<group>"; };
		DC2DC746258B927700FF6C64 /* CustomUIImageView.swift */ = {isa = PBXFileReference; fileEncoding = 4; lastKnownFileType = sourcecode.swift; path = CustomUIImageView.swift; sourceTree = "<group>"; };
		DC2DC747258B927700FF6C64 /* CustomUIButtonDetailed.swift */ = {isa = PBXFileReference; fileEncoding = 4; lastKnownFileType = sourcecode.swift; path = CustomUIButtonDetailed.swift; sourceTree = "<group>"; };
		DC2DC748258B927700FF6C64 /* UIRadioButton.swift */ = {isa = PBXFileReference; fileEncoding = 4; lastKnownFileType = sourcecode.swift; path = UIRadioButton.swift; sourceTree = "<group>"; };
		DC2DC749258B927700FF6C64 /* ValidatedTextField.swift */ = {isa = PBXFileReference; fileEncoding = 4; lastKnownFileType = sourcecode.swift; path = ValidatedTextField.swift; sourceTree = "<group>"; };
		DC2DC74A258B927700FF6C64 /* ProgressUIButton.swift */ = {isa = PBXFileReference; fileEncoding = 4; lastKnownFileType = sourcecode.swift; path = ProgressUIButton.swift; sourceTree = "<group>"; };
		DC2DC74C258B927700FF6C64 /* AnimatedTextInput.swift */ = {isa = PBXFileReference; fileEncoding = 4; lastKnownFileType = sourcecode.swift; path = AnimatedTextInput.swift; sourceTree = "<group>"; };
		DC2DC74D258B927700FF6C64 /* AnimatedTextView.swift */ = {isa = PBXFileReference; fileEncoding = 4; lastKnownFileType = sourcecode.swift; path = AnimatedTextView.swift; sourceTree = "<group>"; };
		DC2DC74E258B927700FF6C64 /* AnimatedTextInputFieldConfigurator.swift */ = {isa = PBXFileReference; fileEncoding = 4; lastKnownFileType = sourcecode.swift; path = AnimatedTextInputFieldConfigurator.swift; sourceTree = "<group>"; };
		DC2DC74F258B927700FF6C64 /* ValidatedAnimatedTextInput.swift */ = {isa = PBXFileReference; fileEncoding = 4; lastKnownFileType = sourcecode.swift; path = ValidatedAnimatedTextInput.swift; sourceTree = "<group>"; };
		DC2DC750258B927700FF6C64 /* AnimatedLine.swift */ = {isa = PBXFileReference; fileEncoding = 4; lastKnownFileType = sourcecode.swift; path = AnimatedLine.swift; sourceTree = "<group>"; };
		DC2DC751258B927700FF6C64 /* AnimatedInputMaskTextField.swift */ = {isa = PBXFileReference; fileEncoding = 4; lastKnownFileType = sourcecode.swift; path = AnimatedInputMaskTextField.swift; sourceTree = "<group>"; };
		DC2DC752258B927700FF6C64 /* AnimatedTextField.swift */ = {isa = PBXFileReference; fileEncoding = 4; lastKnownFileType = sourcecode.swift; path = AnimatedTextField.swift; sourceTree = "<group>"; };
		DC2DC753258B927700FF6C64 /* AnimatedTextInputStyle.swift */ = {isa = PBXFileReference; fileEncoding = 4; lastKnownFileType = sourcecode.swift; path = AnimatedTextInputStyle.swift; sourceTree = "<group>"; };
		DC2DC754258B927700FF6C64 /* PopoverController.swift */ = {isa = PBXFileReference; fileEncoding = 4; lastKnownFileType = sourcecode.swift; path = PopoverController.swift; sourceTree = "<group>"; };
		DC2DC755258B927700FF6C64 /* CustomImageView.swift */ = {isa = PBXFileReference; fileEncoding = 4; lastKnownFileType = sourcecode.swift; path = CustomImageView.swift; sourceTree = "<group>"; };
		DC2DC756258B927700FF6C64 /* CustomUIButton.swift */ = {isa = PBXFileReference; fileEncoding = 4; lastKnownFileType = sourcecode.swift; path = CustomUIButton.swift; sourceTree = "<group>"; };
		DC2DC757258B927700FF6C64 /* InputMaskTextField.swift */ = {isa = PBXFileReference; fileEncoding = 4; lastKnownFileType = sourcecode.swift; path = InputMaskTextField.swift; sourceTree = "<group>"; };
		DC2DC758258B927700FF6C64 /* UnderlinedUITextField.swift */ = {isa = PBXFileReference; fileEncoding = 4; lastKnownFileType = sourcecode.swift; path = UnderlinedUITextField.swift; sourceTree = "<group>"; };
		DC2DC75A258B927700FF6C64 /* GISTUtility.swift */ = {isa = PBXFileReference; fileEncoding = 4; lastKnownFileType = sourcecode.swift; path = GISTUtility.swift; sourceTree = "<group>"; };
		DC2DC75B258B927700FF6C64 /* GISTConfig.swift */ = {isa = PBXFileReference; fileEncoding = 4; lastKnownFileType = sourcecode.swift; path = GISTConfig.swift; sourceTree = "<group>"; };
		DC2DC75C258B927700FF6C64 /* AppInfo.swift */ = {isa = PBXFileReference; fileEncoding = 4; lastKnownFileType = sourcecode.swift; path = AppInfo.swift; sourceTree = "<group>"; };
		DC2DC75D258B927700FF6C64 /* ThresholdTime.swift */ = {isa = PBXFileReference; fileEncoding = 4; lastKnownFileType = sourcecode.swift; path = ThresholdTime.swift; sourceTree = "<group>"; };
		DC2DC75E258B927700FF6C64 /* GISTApplication.swift */ = {isa = PBXFileReference; fileEncoding = 4; lastKnownFileType = sourcecode.swift; path = GISTApplication.swift; sourceTree = "<group>"; };
		DC2DC75F258B927700FF6C64 /* BaseViewProtocol.swift */ = {isa = PBXFileReference; fileEncoding = 4; lastKnownFileType = sourcecode.swift; path = BaseViewProtocol.swift; sourceTree = "<group>"; };
		DC2DC760258B927700FF6C64 /* Weak.swift */ = {isa = PBXFileReference; fileEncoding = 4; lastKnownFileType = sourcecode.swift; path = Weak.swift; sourceTree = "<group>"; };
		DC2DC763258B927700FF6C64 /* SyncedFontStyles.swift */ = {isa = PBXFileReference; fileEncoding = 4; lastKnownFileType = sourcecode.swift; path = SyncedFontStyles.swift; sourceTree = "<group>"; };
		DC2DC764258B927700FF6C64 /* SyncedText.swift */ = {isa = PBXFileReference; fileEncoding = 4; lastKnownFileType = sourcecode.swift; path = SyncedText.swift; sourceTree = "<group>"; };
		DC2DC765258B927700FF6C64 /* SyncedColors.swift */ = {isa = PBXFileReference; fileEncoding = 4; lastKnownFileType = sourcecode.swift; path = SyncedColors.swift; sourceTree = "<group>"; };
		DC2DC766258B927700FF6C64 /* SyncedConstants.swift */ = {isa = PBXFileReference; fileEncoding = 4; lastKnownFileType = sourcecode.swift; path = SyncedConstants.swift; sourceTree = "<group>"; };
		DC2DC767258B927700FF6C64 /* SyncEngine.swift */ = {isa = PBXFileReference; fileEncoding = 4; lastKnownFileType = sourcecode.swift; path = SyncEngine.swift; sourceTree = "<group>"; };
		DC2DC769258B927700FF6C64 /* Assets.xcassets */ = {isa = PBXFileReference; lastKnownFileType = folder.assetcatalog; path = Assets.xcassets; sourceTree = "<group>"; };
/* End PBXFileReference section */

/* Begin PBXFrameworksBuildPhase section */
		DC2DC6D8258B91AA00FF6C64 /* Frameworks */ = {
			isa = PBXFrameworksBuildPhase;
			buildActionMask = 2147483647;
			files = (
				CD3F522D58F3068385ED6D7B /* Pods_GISTFramework.framework in Frameworks */,
			);
			runOnlyForDeploymentPostprocessing = 0;
		};
/* End PBXFrameworksBuildPhase section */

/* Begin PBXGroup section */
		B91ED9D58CDCF7069D02E138 /* Frameworks */ = {
			isa = PBXGroup;
			children = (
				61D44016179D8D1581E9FDEC /* Pods_GISTFramework.framework */,
			);
			name = Frameworks;
			sourceTree = "<group>";
		};
		DC2DC6D1258B91AA00FF6C64 = {
			isa = PBXGroup;
			children = (
				DC2DC6DD258B91AA00FF6C64 /* GISTFramework */,
				DC2DC6DC258B91AA00FF6C64 /* Products */,
				F03189CE44A5511BFA0D7B65 /* Pods */,
				B91ED9D58CDCF7069D02E138 /* Frameworks */,
			);
			sourceTree = "<group>";
		};
		DC2DC6DC258B91AA00FF6C64 /* Products */ = {
			isa = PBXGroup;
			children = (
				DC2DC6DB258B91AA00FF6C64 /* GISTFramework.framework */,
			);
			name = Products;
			sourceTree = "<group>";
		};
		DC2DC6DD258B91AA00FF6C64 /* GISTFramework */ = {
			isa = PBXGroup;
			children = (
				DC2DC6F0258B927700FF6C64 /* Classes */,
				DC2DC768258B927700FF6C64 /* Resourses */,
				DC2DC6DE258B91AA00FF6C64 /* GISTFramework.h */,
				DC2DC6DF258B91AA00FF6C64 /* Info.plist */,
			);
			path = GISTFramework;
			sourceTree = "<group>";
		};
		DC2DC6F0258B927700FF6C64 /* Classes */ = {
			isa = PBXGroup;
			children = (
				DC2DC6F1258B927700FF6C64 /* BaseClasses */,
				DC2DC711258B927700FF6C64 /* GISTSocial */,
				DC2DC72B258B927700FF6C64 /* Extensions */,
				DC2DC73E258B927700FF6C64 /* Controls */,
				DC2DC759258B927700FF6C64 /* GISTCore */,
				DC2DC761258B927700FF6C64 /* SyncEngine */,
			);
			path = Classes;
			sourceTree = "<group>";
		};
		DC2DC6F1258B927700FF6C64 /* BaseClasses */ = {
			isa = PBXGroup;
			children = (
				DC2DC6F2258B927700FF6C64 /* BaseUITableViewHeaderFooterView.swift */,
				DC2DC6F3258B927700FF6C64 /* BaseLayoutConstraint.swift */,
				DC2DC6F4258B927700FF6C64 /* BaseUIButton.swift */,
				DC2DC6F5258B927700FF6C64 /* BaseUIStepper.swift */,
				DC2DC6F6258B927700FF6C64 /* BaseUIPageControl.swift */,
				DC2DC6F7258B927700FF6C64 /* BaseUIView.swift */,
				DC2DC6F8258B927700FF6C64 /* BaseUIStackView.swift */,
				DC2DC6F9258B927700FF6C64 /* BaseSeperatorLayoutConstraint.swift */,
				DC2DC6FA258B927700FF6C64 /* BaseUITableViewController.swift */,
				DC2DC6FB258B927700FF6C64 /* BaseUITableViewCell.swift */,
				DC2DC6FC258B927700FF6C64 /* BaseUISlider.swift */,
				DC2DC6FD258B927700FF6C64 /* BaseUITabBarController.swift */,
				DC2DC6FE258B927700FF6C64 /* BaseUIViewController.swift */,
				DC2DC6FF258B927700FF6C64 /* BaseUILabel.swift */,
				DC2DC700258B927700FF6C64 /* BaseUICollectionView.swift */,
				DC2DC701258B927700FF6C64 /* BaseUISwitch.swift */,
				DC2DC702258B927700FF6C64 /* BaseUISearchBar.swift */,
				DC2DC703258B927700FF6C64 /* BaseUITextField.swift */,
				DC2DC704258B927700FF6C64 /* BaseUITableView.swift */,
				DC2DC705258B927700FF6C64 /* BaseUINavigationController.swift */,
				DC2DC706258B927700FF6C64 /* BaseUINavigationItem.swift */,
				DC2DC707258B927700FF6C64 /* BaseUIScrollView.swift */,
				DC2DC708258B927700FF6C64 /* BaseUISegmentedControl.swift */,
				DC2DC709258B927700FF6C64 /* BaseUISearchController.swift */,
				DC2DC70A258B927700FF6C64 /* BaseUITextView.swift */,
				DC2DC70B258B927700FF6C64 /* BaseUIDesignableButton.swift */,
				DC2DC70C258B927700FF6C64 /* BaseUICollectionViewCell.swift */,
				DC2DC70D258B927700FF6C64 /* BaseUIBarButtonItem.swift */,
				DC2DC70E258B927700FF6C64 /* Scale9Image.swift */,
				DC2DC70F258B927700FF6C64 /* BaseUIImageView.swift */,
				DC2DC710258B927700FF6C64 /* BaseUIDesignableView.swift */,
			);
			path = BaseClasses;
			sourceTree = "<group>";
		};
		DC2DC711258B927700FF6C64 /* GISTSocial */ = {
			isa = PBXGroup;
			children = (
				DC2DC712258B927700FF6C64 /* HTTPServiceManager */,
				DC2DC714258B927700FF6C64 /* CoreData */,
				DC2DC717258B927700FF6C64 /* TutorialView */,
				DC2DC719258B927700FF6C64 /* Reachability */,
				DC2DC71B258B927700FF6C64 /* Extentions */,
				DC2DC71D258B927700FF6C64 /* Model */,
				DC2DC720258B927700FF6C64 /* AppDelegate */,
				DC2DC722258B927700FF6C64 /* Authentication */,
				DC2DC725258B927700FF6C64 /* Protocols */,
				DC2DC728258B927700FF6C64 /* Global */,
			);
			path = GISTSocial;
			sourceTree = "<group>";
		};
		DC2DC712258B927700FF6C64 /* HTTPServiceManager */ = {
			isa = PBXGroup;
			children = (
				DC2DC713258B927700FF6C64 /* HTTPServiceManager.swift */,
			);
			path = HTTPServiceManager;
			sourceTree = "<group>";
		};
		DC2DC714258B927700FF6C64 /* CoreData */ = {
			isa = PBXGroup;
			children = (
				DC2DC715258B927700FF6C64 /* DataManager.swift */,
				DC2DC716258B927700FF6C64 /* ManagedParser.swift */,
			);
			path = CoreData;
			sourceTree = "<group>";
		};
		DC2DC717258B927700FF6C64 /* TutorialView */ = {
			isa = PBXGroup;
			children = (
				DC2DC718258B927700FF6C64 /* TutorialView.swift */,
			);
			path = TutorialView;
			sourceTree = "<group>";
		};
		DC2DC719258B927700FF6C64 /* Reachability */ = {
			isa = PBXGroup;
			children = (
				DC2DC71A258B927700FF6C64 /* ReachabilityHelper.swift */,
			);
			path = Reachability;
			sourceTree = "<group>";
		};
		DC2DC71B258B927700FF6C64 /* Extentions */ = {
			isa = PBXGroup;
			children = (
				DC2DC71C258B927700FF6C64 /* GISTSocialUtils.swift */,
			);
			path = Extentions;
			sourceTree = "<group>";
		};
		DC2DC71D258B927700FF6C64 /* Model */ = {
			isa = PBXGroup;
			children = (
				DC2DC71E258B927700FF6C64 /* GISTFile.swift */,
				DC2DC71F258B927700FF6C64 /* ModelUser.swift */,
			);
			path = Model;
			sourceTree = "<group>";
		};
		DC2DC720258B927700FF6C64 /* AppDelegate */ = {
			isa = PBXGroup;
			children = (
				DC2DC721258B927700FF6C64 /* GISTAppDelegate.swift */,
			);
			path = AppDelegate;
			sourceTree = "<group>";
		};
		DC2DC722258B927700FF6C64 /* Authentication */ = {
			isa = PBXGroup;
			children = (
				DC2DC723258B927700FF6C64 /* GISTAuth.swift */,
				DC2DC724258B927700FF6C64 /* GISTMicroAuth.swift */,
			);
			path = Authentication;
			sourceTree = "<group>";
		};
		DC2DC725258B927700FF6C64 /* Protocols */ = {
			isa = PBXGroup;
			children = (
				DC2DC726258B927700FF6C64 /* Mappable+ToDictionary.swift */,
				DC2DC727258B927700FF6C64 /* GISTUser.swift */,
			);
			path = Protocols;
			sourceTree = "<group>";
		};
		DC2DC728258B927700FF6C64 /* Global */ = {
			isa = PBXGroup;
			children = (
				DC2DC729258B927700FF6C64 /* GISTGlobal.swift */,
				DC2DC72A258B927700FF6C64 /* GISTEnumNConstants.swift */,
			);
			path = Global;
			sourceTree = "<group>";
		};
		DC2DC72B258B927700FF6C64 /* Extensions */ = {
			isa = PBXGroup;
			children = (
				DC2DC72C258B927700FF6C64 /* UIImage+Utility.swift */,
				DC2DC72D258B927700FF6C64 /* UIColor+Utility.swift */,
				DC2DC72E258B927700FF6C64 /* Array+Utility.swift */,
				DC2DC72F258B927700FF6C64 /* UITableView+Utility.swift */,
				DC2DC730258B927700FF6C64 /* String+Utility.swift */,
				DC2DC731258B927700FF6C64 /* URL+Utility.swift */,
				DC2DC732258B927700FF6C64 /* UIApplication+Utility.swift */,
				DC2DC733258B927700FF6C64 /* JSON+Utility.swift */,
				DC2DC734258B927700FF6C64 /* Int+Utility.swift */,
				DC2DC735258B927700FF6C64 /* UIViewExtensions.swift */,
				DC2DC736258B927700FF6C64 /* UIScrollView+Utility.swift */,
				DC2DC737258B927700FF6C64 /* Data+Utility.swift */,
				DC2DC738258B927700FF6C64 /* UITextField+Utility.swift */,
				DC2DC739258B927700FF6C64 /* UIImageView+Utility.swift */,
				DC2DC73A258B927700FF6C64 /* UIFont+Utility.swift */,
				DC2DC73B258B927700FF6C64 /* CLPlacemark+Utility.swift */,
				DC2DC73C258B927700FF6C64 /* UIView+Utility.swift */,
				DC2DC73D258B927700FF6C64 /* Gradient+Utility.swift */,
			);
			path = Extensions;
			sourceTree = "<group>";
		};
		DC2DC73E258B927700FF6C64 /* Controls */ = {
			isa = PBXGroup;
			children = (
				DC2DC73F258B927700FF6C64 /* MaskedPhoneTextFieldDelegate.swift */,
				DC2DC740258B927700FF6C64 /* PopoverControllerView.swift */,
				DC2DC741258B927700FF6C64 /* BaseUIPopoverNavigationController.swift */,
				DC2DC742258B927700FF6C64 /* PinCodeTextField.swift */,
				DC2DC743258B927700FF6C64 /* FloatingLabelTextField.swift */,
				DC2DC744258B927700FF6C64 /* ValidatedTextInput.swift */,
				DC2DC745258B927700FF6C64 /* ValidatedTextView.swift */,
				DC2DC746258B927700FF6C64 /* CustomUIImageView.swift */,
				DC2DC747258B927700FF6C64 /* CustomUIButtonDetailed.swift */,
				DC2DC748258B927700FF6C64 /* UIRadioButton.swift */,
				DC2DC749258B927700FF6C64 /* ValidatedTextField.swift */,
				DC2DC74A258B927700FF6C64 /* ProgressUIButton.swift */,
				DC2DC74B258B927700FF6C64 /* AnimatedTextInput */,
				DC2DC754258B927700FF6C64 /* PopoverController.swift */,
				DC2DC755258B927700FF6C64 /* CustomImageView.swift */,
				DC2DC756258B927700FF6C64 /* CustomUIButton.swift */,
				DC2DC757258B927700FF6C64 /* InputMaskTextField.swift */,
				DC2DC758258B927700FF6C64 /* UnderlinedUITextField.swift */,
			);
			path = Controls;
			sourceTree = "<group>";
		};
		DC2DC74B258B927700FF6C64 /* AnimatedTextInput */ = {
			isa = PBXGroup;
			children = (
				DC2DC74C258B927700FF6C64 /* AnimatedTextInput.swift */,
				DC2DC74D258B927700FF6C64 /* AnimatedTextView.swift */,
				DC2DC74E258B927700FF6C64 /* AnimatedTextInputFieldConfigurator.swift */,
				DC2DC74F258B927700FF6C64 /* ValidatedAnimatedTextInput.swift */,
				DC2DC750258B927700FF6C64 /* AnimatedLine.swift */,
				DC2DC751258B927700FF6C64 /* AnimatedInputMaskTextField.swift */,
				DC2DC752258B927700FF6C64 /* AnimatedTextField.swift */,
				DC2DC753258B927700FF6C64 /* AnimatedTextInputStyle.swift */,
			);
			path = AnimatedTextInput;
			sourceTree = "<group>";
		};
		DC2DC759258B927700FF6C64 /* GISTCore */ = {
			isa = PBXGroup;
			children = (
				DC2DC75A258B927700FF6C64 /* GISTUtility.swift */,
				DC2DC75B258B927700FF6C64 /* GISTConfig.swift */,
				DC2DC75C258B927700FF6C64 /* AppInfo.swift */,
				DC2DC75D258B927700FF6C64 /* ThresholdTime.swift */,
				DC2DC75E258B927700FF6C64 /* GISTApplication.swift */,
				DC2DC75F258B927700FF6C64 /* BaseViewProtocol.swift */,
				DC2DC760258B927700FF6C64 /* Weak.swift */,
			);
			path = GISTCore;
			sourceTree = "<group>";
		};
		DC2DC761258B927700FF6C64 /* SyncEngine */ = {
			isa = PBXGroup;
			children = (
				DC2DC762258B927700FF6C64 /* SubClasses */,
				DC2DC767258B927700FF6C64 /* SyncEngine.swift */,
			);
			path = SyncEngine;
			sourceTree = "<group>";
		};
		DC2DC762258B927700FF6C64 /* SubClasses */ = {
			isa = PBXGroup;
			children = (
				DC2DC763258B927700FF6C64 /* SyncedFontStyles.swift */,
				DC2DC764258B927700FF6C64 /* SyncedText.swift */,
				DC2DC765258B927700FF6C64 /* SyncedColors.swift */,
				DC2DC766258B927700FF6C64 /* SyncedConstants.swift */,
			);
			path = SubClasses;
			sourceTree = "<group>";
		};
		DC2DC768258B927700FF6C64 /* Resourses */ = {
			isa = PBXGroup;
			children = (
				DC2DC769258B927700FF6C64 /* Assets.xcassets */,
			);
			path = Resourses;
			sourceTree = "<group>";
		};
		F03189CE44A5511BFA0D7B65 /* Pods */ = {
			isa = PBXGroup;
			children = (
				9D0CE4B8A0DE71E335B58C04 /* Pods-GISTFramework.debug.xcconfig */,
				7D53D375F6A59E4D08C4C9AB /* Pods-GISTFramework.release.xcconfig */,
			);
			path = Pods;
			sourceTree = "<group>";
		};
/* End PBXGroup section */

/* Begin PBXHeadersBuildPhase section */
		DC2DC6D6258B91AA00FF6C64 /* Headers */ = {
			isa = PBXHeadersBuildPhase;
			buildActionMask = 2147483647;
			files = (
				DC2DC6E0258B91AA00FF6C64 /* GISTFramework.h in Headers */,
			);
			runOnlyForDeploymentPostprocessing = 0;
		};
/* End PBXHeadersBuildPhase section */

/* Begin PBXNativeTarget section */
		DC2DC6DA258B91AA00FF6C64 /* GISTFramework */ = {
			isa = PBXNativeTarget;
			buildConfigurationList = DC2DC6E3258B91AA00FF6C64 /* Build configuration list for PBXNativeTarget "GISTFramework" */;
			buildPhases = (
				E6AA002D468BBE3DB6DFAFA0 /* [CP] Check Pods Manifest.lock */,
				DC2DC6D6258B91AA00FF6C64 /* Headers */,
				DC2DC6D7258B91AA00FF6C64 /* Sources */,
				DC2DC6D8258B91AA00FF6C64 /* Frameworks */,
				DC2DC6D9258B91AA00FF6C64 /* Resources */,
			);
			buildRules = (
			);
			dependencies = (
			);
			name = GISTFramework;
			productName = GISTFramework;
			productReference = DC2DC6DB258B91AA00FF6C64 /* GISTFramework.framework */;
			productType = "com.apple.product-type.framework";
		};
/* End PBXNativeTarget section */

/* Begin PBXProject section */
		DC2DC6D2258B91AA00FF6C64 /* Project object */ = {
			isa = PBXProject;
			attributes = {
				LastUpgradeCheck = 1210;
				TargetAttributes = {
					DC2DC6DA258B91AA00FF6C64 = {
						CreatedOnToolsVersion = 12.1;
					};
				};
			};
			buildConfigurationList = DC2DC6D5258B91AA00FF6C64 /* Build configuration list for PBXProject "GISTFramework" */;
			compatibilityVersion = "Xcode 9.3";
			developmentRegion = en;
			hasScannedForEncodings = 0;
			knownRegions = (
				en,
				Base,
			);
			mainGroup = DC2DC6D1258B91AA00FF6C64;
			productRefGroup = DC2DC6DC258B91AA00FF6C64 /* Products */;
			projectDirPath = "";
			projectRoot = "";
			targets = (
				DC2DC6DA258B91AA00FF6C64 /* GISTFramework */,
			);
		};
/* End PBXProject section */

/* Begin PBXResourcesBuildPhase section */
		DC2DC6D9258B91AA00FF6C64 /* Resources */ = {
			isa = PBXResourcesBuildPhase;
			buildActionMask = 2147483647;
			files = (
				DC2DC7CF258B927700FF6C64 /* Assets.xcassets in Resources */,
			);
			runOnlyForDeploymentPostprocessing = 0;
		};
/* End PBXResourcesBuildPhase section */

/* Begin PBXShellScriptBuildPhase section */
		E6AA002D468BBE3DB6DFAFA0 /* [CP] Check Pods Manifest.lock */ = {
			isa = PBXShellScriptBuildPhase;
			buildActionMask = 2147483647;
			files = (
			);
			inputFileListPaths = (
			);
			inputPaths = (
				"${PODS_PODFILE_DIR_PATH}/Podfile.lock",
				"${PODS_ROOT}/Manifest.lock",
			);
			name = "[CP] Check Pods Manifest.lock";
			outputFileListPaths = (
			);
			outputPaths = (
				"$(DERIVED_FILE_DIR)/Pods-GISTFramework-checkManifestLockResult.txt",
			);
			runOnlyForDeploymentPostprocessing = 0;
			shellPath = /bin/sh;
			shellScript = "diff \"${PODS_PODFILE_DIR_PATH}/Podfile.lock\" \"${PODS_ROOT}/Manifest.lock\" > /dev/null\nif [ $? != 0 ] ; then\n    # print error to STDERR\n    echo \"error: The sandbox is not in sync with the Podfile.lock. Run 'pod install' or update your CocoaPods installation.\" >&2\n    exit 1\nfi\n# This output is used by Xcode 'outputs' to avoid re-running this script phase.\necho \"SUCCESS\" > \"${SCRIPT_OUTPUT_FILE_0}\"\n";
			showEnvVarsInLog = 0;
		};
/* End PBXShellScriptBuildPhase section */

/* Begin PBXSourcesBuildPhase section */
		DC2DC6D7258B91AA00FF6C64 /* Sources */ = {
			isa = PBXSourcesBuildPhase;
			buildActionMask = 2147483647;
			files = (
				DC2DC77D258B927700FF6C64 /* BaseUINavigationController.swift in Sources */,
				DC2DC77B258B927700FF6C64 /* BaseUITextField.swift in Sources */,
				DC2DC773258B927700FF6C64 /* BaseUITableViewCell.swift in Sources */,
				DC2DC7A4258B927700FF6C64 /* UITextField+Utility.swift in Sources */,
				DC2DC76A258B927700FF6C64 /* BaseUITableViewHeaderFooterView.swift in Sources */,
				DC2DC7BA258B927700FF6C64 /* AnimatedLine.swift in Sources */,
				DC2DC7A8258B927700FF6C64 /* UIView+Utility.swift in Sources */,
				DC2DC78D258B927700FF6C64 /* ReachabilityHelper.swift in Sources */,
				DC2DC7CE258B927700FF6C64 /* SyncEngine.swift in Sources */,
				DC2DC77F258B927700FF6C64 /* BaseUIScrollView.swift in Sources */,
				DC2DC7C7258B927700FF6C64 /* GISTApplication.swift in Sources */,
				DC2DC7B2258B927700FF6C64 /* CustomUIButtonDetailed.swift in Sources */,
				DC2DC77E258B927700FF6C64 /* BaseUINavigationItem.swift in Sources */,
				DC2DC7C0258B927700FF6C64 /* CustomUIButton.swift in Sources */,
				DC2DC788258B927700FF6C64 /* BaseUIDesignableView.swift in Sources */,
				DC2DC783258B927700FF6C64 /* BaseUIDesignableButton.swift in Sources */,
				DC2DC778258B927700FF6C64 /* BaseUICollectionView.swift in Sources */,
				DC2DC7AF258B927700FF6C64 /* ValidatedTextInput.swift in Sources */,
				DC2DC77A258B927700FF6C64 /* BaseUISearchBar.swift in Sources */,
				DC2DC793258B927700FF6C64 /* GISTMicroAuth.swift in Sources */,
				DC2DC7BC258B927700FF6C64 /* AnimatedTextField.swift in Sources */,
				DC2DC791258B927700FF6C64 /* GISTAppDelegate.swift in Sources */,
				DC2DC7BB258B927700FF6C64 /* AnimatedInputMaskTextField.swift in Sources */,
				DC2DC771258B927700FF6C64 /* BaseSeperatorLayoutConstraint.swift in Sources */,
				DC2DC7B9258B927700FF6C64 /* ValidatedAnimatedTextInput.swift in Sources */,
				DC2DC7B1258B927700FF6C64 /* CustomUIImageView.swift in Sources */,
				DC2DC7AD258B927700FF6C64 /* PinCodeTextField.swift in Sources */,
				DC2DC7C3258B927700FF6C64 /* GISTUtility.swift in Sources */,
				DC2DC774258B927700FF6C64 /* BaseUISlider.swift in Sources */,
				DC2DC7B0258B927700FF6C64 /* ValidatedTextView.swift in Sources */,
				DC2DC7A2258B927700FF6C64 /* UIScrollView+Utility.swift in Sources */,
				DC2DC795258B927700FF6C64 /* GISTUser.swift in Sources */,
				DC2DC79B258B927700FF6C64 /* UITableView+Utility.swift in Sources */,
				DC2DC7CB258B927700FF6C64 /* SyncedText.swift in Sources */,
				DC2DC78B258B927700FF6C64 /* ManagedParser.swift in Sources */,
				DC2DC78F258B927700FF6C64 /* GISTFile.swift in Sources */,
				DC2DC7BF258B927700FF6C64 /* CustomImageView.swift in Sources */,
				DC2DC775258B927700FF6C64 /* BaseUITabBarController.swift in Sources */,
				DC2DC7B5258B927700FF6C64 /* ProgressUIButton.swift in Sources */,
				DC2DC7CC258B927700FF6C64 /* SyncedColors.swift in Sources */,
				DC2DC772258B927700FF6C64 /* BaseUITableViewController.swift in Sources */,
				DC2DC7A0258B927700FF6C64 /* Int+Utility.swift in Sources */,
				DC2DC7B4258B927700FF6C64 /* ValidatedTextField.swift in Sources */,
				DC2DC780258B927700FF6C64 /* BaseUISegmentedControl.swift in Sources */,
				DC2DC79D258B927700FF6C64 /* URL+Utility.swift in Sources */,
				DC2DC7C5258B927700FF6C64 /* AppInfo.swift in Sources */,
				DC2DC7C8258B927700FF6C64 /* BaseViewProtocol.swift in Sources */,
				DC2DC770258B927700FF6C64 /* BaseUIStackView.swift in Sources */,
				DC2DC7A6258B927700FF6C64 /* UIFont+Utility.swift in Sources */,
				DC2DC7A5258B927700FF6C64 /* UIImageView+Utility.swift in Sources */,
				DC2DC7B6258B927700FF6C64 /* AnimatedTextInput.swift in Sources */,
				DC2DC786258B927700FF6C64 /* Scale9Image.swift in Sources */,
				DC2DC7B8258B927700FF6C64 /* AnimatedTextInputFieldConfigurator.swift in Sources */,
				DC2DC7BE258B927700FF6C64 /* PopoverController.swift in Sources */,
				DC2DC779258B927700FF6C64 /* BaseUISwitch.swift in Sources */,
				DC2DC76E258B927700FF6C64 /* BaseUIPageControl.swift in Sources */,
				DC2DC78A258B927700FF6C64 /* DataManager.swift in Sources */,
				DC2DC76B258B927700FF6C64 /* BaseLayoutConstraint.swift in Sources */,
				DC2DC777258B927700FF6C64 /* BaseUILabel.swift in Sources */,
				DC2DC7AB258B927700FF6C64 /* PopoverControllerView.swift in Sources */,
				DC2DC78E258B927700FF6C64 /* GISTSocialUtils.swift in Sources */,
				DC2DC7C2258B927700FF6C64 /* UnderlinedUITextField.swift in Sources */,
				DC2DC796258B927700FF6C64 /* GISTGlobal.swift in Sources */,
				DC2DC79F258B927700FF6C64 /* JSON+Utility.swift in Sources */,
				DC2DC781258B927700FF6C64 /* BaseUISearchController.swift in Sources */,
				DC2DC792258B927700FF6C64 /* GISTAuth.swift in Sources */,
				DC2DC79E258B927700FF6C64 /* UIApplication+Utility.swift in Sources */,
				DC2DC797258B927700FF6C64 /* GISTEnumNConstants.swift in Sources */,
				DC2DC782258B927700FF6C64 /* BaseUITextView.swift in Sources */,
				DC2DC7A3258B927700FF6C64 /* Data+Utility.swift in Sources */,
				DC2DC785258B927700FF6C64 /* BaseUIBarButtonItem.swift in Sources */,
				DC2DC798258B927700FF6C64 /* UIImage+Utility.swift in Sources */,
				DC2DC7C1258B927700FF6C64 /* InputMaskTextField.swift in Sources */,
				DC2DC794258B927700FF6C64 /* Mappable+ToDictionary.swift in Sources */,
				DC2DC787258B927700FF6C64 /* BaseUIImageView.swift in Sources */,
				DC2DC7C4258B927700FF6C64 /* GISTConfig.swift in Sources */,
				DC2DC790258B927700FF6C64 /* ModelUser.swift in Sources */,
				DC2DC76D258B927700FF6C64 /* BaseUIStepper.swift in Sources */,
				DC2DC7C6258B927700FF6C64 /* ThresholdTime.swift in Sources */,
				DC2DC78C258B927700FF6C64 /* TutorialView.swift in Sources */,
				DC2DC7C9258B927700FF6C64 /* Weak.swift in Sources */,
				DC2DC79C258B927700FF6C64 /* String+Utility.swift in Sources */,
				DC2DC76C258B927700FF6C64 /* BaseUIButton.swift in Sources */,
				DC2DC7BD258B927700FF6C64 /* AnimatedTextInputStyle.swift in Sources */,
				DC2DC7CD258B927700FF6C64 /* SyncedConstants.swift in Sources */,
				DC2DC77C258B927700FF6C64 /* BaseUITableView.swift in Sources */,
				DC2DC784258B927700FF6C64 /* BaseUICollectionViewCell.swift in Sources */,
				DC2DC7A1258B927700FF6C64 /* UIViewExtensions.swift in Sources */,
				DC2DC79A258B927700FF6C64 /* Array+Utility.swift in Sources */,
				DC2DC799258B927700FF6C64 /* UIColor+Utility.swift in Sources */,
				DC2DC7A7258B927700FF6C64 /* CLPlacemark+Utility.swift in Sources */,
				DC2DC76F258B927700FF6C64 /* BaseUIView.swift in Sources */,
				DC2DC7B3258B927700FF6C64 /* UIRadioButton.swift in Sources */,
				DC2DC7AA258B927700FF6C64 /* MaskedPhoneTextFieldDelegate.swift in Sources */,
				DC2DC7CA258B927700FF6C64 /* SyncedFontStyles.swift in Sources */,
				DC2DC7B7258B927700FF6C64 /* AnimatedTextView.swift in Sources */,
				DC2DC7AE258B927700FF6C64 /* FloatingLabelTextField.swift in Sources */,
				DC2DC7AC258B927700FF6C64 /* BaseUIPopoverNavigationController.swift in Sources */,
				DC2DC776258B927700FF6C64 /* BaseUIViewController.swift in Sources */,
				DC2DC7A9258B927700FF6C64 /* Gradient+Utility.swift in Sources */,
				DC2DC789258B927700FF6C64 /* HTTPServiceManager.swift in Sources */,
			);
			runOnlyForDeploymentPostprocessing = 0;
		};
/* End PBXSourcesBuildPhase section */

/* Begin XCBuildConfiguration section */
		DC2DC6E1258B91AA00FF6C64 /* Debug */ = {
			isa = XCBuildConfiguration;
			buildSettings = {
				ALWAYS_SEARCH_USER_PATHS = NO;
				CLANG_ANALYZER_NONNULL = YES;
				CLANG_ANALYZER_NUMBER_OBJECT_CONVERSION = YES_AGGRESSIVE;
				CLANG_CXX_LANGUAGE_STANDARD = "gnu++14";
				CLANG_CXX_LIBRARY = "libc++";
				CLANG_ENABLE_MODULES = YES;
				CLANG_ENABLE_OBJC_ARC = YES;
				CLANG_ENABLE_OBJC_WEAK = YES;
				CLANG_WARN_BLOCK_CAPTURE_AUTORELEASING = YES;
				CLANG_WARN_BOOL_CONVERSION = YES;
				CLANG_WARN_COMMA = YES;
				CLANG_WARN_CONSTANT_CONVERSION = YES;
				CLANG_WARN_DEPRECATED_OBJC_IMPLEMENTATIONS = YES;
				CLANG_WARN_DIRECT_OBJC_ISA_USAGE = YES_ERROR;
				CLANG_WARN_DOCUMENTATION_COMMENTS = YES;
				CLANG_WARN_EMPTY_BODY = YES;
				CLANG_WARN_ENUM_CONVERSION = YES;
				CLANG_WARN_INFINITE_RECURSION = YES;
				CLANG_WARN_INT_CONVERSION = YES;
				CLANG_WARN_NON_LITERAL_NULL_CONVERSION = YES;
				CLANG_WARN_OBJC_IMPLICIT_RETAIN_SELF = YES;
				CLANG_WARN_OBJC_LITERAL_CONVERSION = YES;
				CLANG_WARN_OBJC_ROOT_CLASS = YES_ERROR;
				CLANG_WARN_QUOTED_INCLUDE_IN_FRAMEWORK_HEADER = YES;
				CLANG_WARN_RANGE_LOOP_ANALYSIS = YES;
				CLANG_WARN_STRICT_PROTOTYPES = YES;
				CLANG_WARN_SUSPICIOUS_MOVE = YES;
				CLANG_WARN_UNGUARDED_AVAILABILITY = YES_AGGRESSIVE;
				CLANG_WARN_UNREACHABLE_CODE = YES;
				CLANG_WARN__DUPLICATE_METHOD_MATCH = YES;
				COPY_PHASE_STRIP = NO;
				CURRENT_PROJECT_VERSION = 1;
				DEBUG_INFORMATION_FORMAT = dwarf;
				ENABLE_STRICT_OBJC_MSGSEND = YES;
				ENABLE_TESTABILITY = YES;
				GCC_C_LANGUAGE_STANDARD = gnu11;
				GCC_DYNAMIC_NO_PIC = NO;
				GCC_NO_COMMON_BLOCKS = YES;
				GCC_OPTIMIZATION_LEVEL = 0;
				GCC_PREPROCESSOR_DEFINITIONS = (
					"DEBUG=1",
					"$(inherited)",
				);
				GCC_WARN_64_TO_32_BIT_CONVERSION = YES;
				GCC_WARN_ABOUT_RETURN_TYPE = YES_ERROR;
				GCC_WARN_UNDECLARED_SELECTOR = YES;
				GCC_WARN_UNINITIALIZED_AUTOS = YES_AGGRESSIVE;
				GCC_WARN_UNUSED_FUNCTION = YES;
				GCC_WARN_UNUSED_VARIABLE = YES;
				IPHONEOS_DEPLOYMENT_TARGET = 14.1;
				MTL_ENABLE_DEBUG_INFO = INCLUDE_SOURCE;
				MTL_FAST_MATH = YES;
				ONLY_ACTIVE_ARCH = YES;
				SDKROOT = iphoneos;
				SWIFT_ACTIVE_COMPILATION_CONDITIONS = DEBUG;
				SWIFT_OPTIMIZATION_LEVEL = "-Onone";
				VERSIONING_SYSTEM = "apple-generic";
				VERSION_INFO_PREFIX = "";
			};
			name = Debug;
		};
		DC2DC6E2258B91AA00FF6C64 /* Release */ = {
			isa = XCBuildConfiguration;
			buildSettings = {
				ALWAYS_SEARCH_USER_PATHS = NO;
				CLANG_ANALYZER_NONNULL = YES;
				CLANG_ANALYZER_NUMBER_OBJECT_CONVERSION = YES_AGGRESSIVE;
				CLANG_CXX_LANGUAGE_STANDARD = "gnu++14";
				CLANG_CXX_LIBRARY = "libc++";
				CLANG_ENABLE_MODULES = YES;
				CLANG_ENABLE_OBJC_ARC = YES;
				CLANG_ENABLE_OBJC_WEAK = YES;
				CLANG_WARN_BLOCK_CAPTURE_AUTORELEASING = YES;
				CLANG_WARN_BOOL_CONVERSION = YES;
				CLANG_WARN_COMMA = YES;
				CLANG_WARN_CONSTANT_CONVERSION = YES;
				CLANG_WARN_DEPRECATED_OBJC_IMPLEMENTATIONS = YES;
				CLANG_WARN_DIRECT_OBJC_ISA_USAGE = YES_ERROR;
				CLANG_WARN_DOCUMENTATION_COMMENTS = YES;
				CLANG_WARN_EMPTY_BODY = YES;
				CLANG_WARN_ENUM_CONVERSION = YES;
				CLANG_WARN_INFINITE_RECURSION = YES;
				CLANG_WARN_INT_CONVERSION = YES;
				CLANG_WARN_NON_LITERAL_NULL_CONVERSION = YES;
				CLANG_WARN_OBJC_IMPLICIT_RETAIN_SELF = YES;
				CLANG_WARN_OBJC_LITERAL_CONVERSION = YES;
				CLANG_WARN_OBJC_ROOT_CLASS = YES_ERROR;
				CLANG_WARN_QUOTED_INCLUDE_IN_FRAMEWORK_HEADER = YES;
				CLANG_WARN_RANGE_LOOP_ANALYSIS = YES;
				CLANG_WARN_STRICT_PROTOTYPES = YES;
				CLANG_WARN_SUSPICIOUS_MOVE = YES;
				CLANG_WARN_UNGUARDED_AVAILABILITY = YES_AGGRESSIVE;
				CLANG_WARN_UNREACHABLE_CODE = YES;
				CLANG_WARN__DUPLICATE_METHOD_MATCH = YES;
				COPY_PHASE_STRIP = NO;
				CURRENT_PROJECT_VERSION = 1;
				DEBUG_INFORMATION_FORMAT = "dwarf-with-dsym";
				ENABLE_NS_ASSERTIONS = NO;
				ENABLE_STRICT_OBJC_MSGSEND = YES;
				GCC_C_LANGUAGE_STANDARD = gnu11;
				GCC_NO_COMMON_BLOCKS = YES;
				GCC_WARN_64_TO_32_BIT_CONVERSION = YES;
				GCC_WARN_ABOUT_RETURN_TYPE = YES_ERROR;
				GCC_WARN_UNDECLARED_SELECTOR = YES;
				GCC_WARN_UNINITIALIZED_AUTOS = YES_AGGRESSIVE;
				GCC_WARN_UNUSED_FUNCTION = YES;
				GCC_WARN_UNUSED_VARIABLE = YES;
				IPHONEOS_DEPLOYMENT_TARGET = 14.1;
				MTL_ENABLE_DEBUG_INFO = NO;
				MTL_FAST_MATH = YES;
				SDKROOT = iphoneos;
				SWIFT_COMPILATION_MODE = wholemodule;
				SWIFT_OPTIMIZATION_LEVEL = "-O";
				VALIDATE_PRODUCT = YES;
				VERSIONING_SYSTEM = "apple-generic";
				VERSION_INFO_PREFIX = "";
			};
			name = Release;
		};
		DC2DC6E4258B91AA00FF6C64 /* Debug */ = {
			isa = XCBuildConfiguration;
			baseConfigurationReference = 9D0CE4B8A0DE71E335B58C04 /* Pods-GISTFramework.debug.xcconfig */;
			buildSettings = {
				CODE_SIGN_STYLE = Automatic;
				DEFINES_MODULE = YES;
				DEVELOPMENT_TEAM = XLSGNTC5U8;
				DYLIB_COMPATIBILITY_VERSION = 1;
				DYLIB_CURRENT_VERSION = 1;
				DYLIB_INSTALL_NAME_BASE = "@rpath";
				INFOPLIST_FILE = GISTFramework/Info.plist;
				INSTALL_PATH = "$(LOCAL_LIBRARY_DIR)/Frameworks";
				LD_RUNPATH_SEARCH_PATHS = (
					"$(inherited)",
					"@executable_path/Frameworks",
					"@loader_path/Frameworks",
				);
				MARKETING_VERSION = 5.2.2;
				PRODUCT_BUNDLE_IDENTIFIER = com.cubix.GISTFramework;
				PRODUCT_NAME = "$(TARGET_NAME:c99extidentifier)";
				SKIP_INSTALL = YES;
				SWIFT_VERSION = 5.0;
				TARGETED_DEVICE_FAMILY = "1,2";
			};
			name = Debug;
		};
		DC2DC6E5258B91AA00FF6C64 /* Release */ = {
			isa = XCBuildConfiguration;
			baseConfigurationReference = 7D53D375F6A59E4D08C4C9AB /* Pods-GISTFramework.release.xcconfig */;
			buildSettings = {
				CODE_SIGN_STYLE = Automatic;
				DEFINES_MODULE = YES;
				DEVELOPMENT_TEAM = XLSGNTC5U8;
				DYLIB_COMPATIBILITY_VERSION = 1;
				DYLIB_CURRENT_VERSION = 1;
				DYLIB_INSTALL_NAME_BASE = "@rpath";
				INFOPLIST_FILE = GISTFramework/Info.plist;
				INSTALL_PATH = "$(LOCAL_LIBRARY_DIR)/Frameworks";
				LD_RUNPATH_SEARCH_PATHS = (
					"$(inherited)",
					"@executable_path/Frameworks",
					"@loader_path/Frameworks",
				);
				MARKETING_VERSION = 5.2.2;
				PRODUCT_BUNDLE_IDENTIFIER = com.cubix.GISTFramework;
				PRODUCT_NAME = "$(TARGET_NAME:c99extidentifier)";
				SKIP_INSTALL = YES;
				SWIFT_VERSION = 5.0;
				TARGETED_DEVICE_FAMILY = "1,2";
			};
			name = Release;
		};
/* End XCBuildConfiguration section */

/* Begin XCConfigurationList section */
		DC2DC6D5258B91AA00FF6C64 /* Build configuration list for PBXProject "GISTFramework" */ = {
			isa = XCConfigurationList;
			buildConfigurations = (
				DC2DC6E1258B91AA00FF6C64 /* Debug */,
				DC2DC6E2258B91AA00FF6C64 /* Release */,
			);
			defaultConfigurationIsVisible = 0;
			defaultConfigurationName = Release;
		};
		DC2DC6E3258B91AA00FF6C64 /* Build configuration list for PBXNativeTarget "GISTFramework" */ = {
			isa = XCConfigurationList;
			buildConfigurations = (
				DC2DC6E4258B91AA00FF6C64 /* Debug */,
				DC2DC6E5258B91AA00FF6C64 /* Release */,
			);
			defaultConfigurationIsVisible = 0;
			defaultConfigurationName = Release;
		};
/* End XCConfigurationList section */
	};
	rootObject = DC2DC6D2258B91AA00FF6C64 /* Project object */;
}
