// !$*UTF8*$!
{
	archiveVersion = 1;
	classes = {
	};
	objectVersion = 46;
	objects = {

/* Begin PBXBuildFile section */
		48051E2B1F160E28006C5507 /* ValidatedAnimatedTextInput.swift in Sources */ = {isa = PBXBuildFile; fileRef = 48051E2A1F160E28006C5507 /* ValidatedAnimatedTextInput.swift */; };
		48051E2D1F16318A006C5507 /* ValidatedTextInput.swift in Sources */ = {isa = PBXBuildFile; fileRef = 48051E2C1F16318A006C5507 /* ValidatedTextInput.swift */; };
		48065F6E1F12663D00747C99 /* MaskedPhoneTextFieldDelegate.swift in Sources */ = {isa = PBXBuildFile; fileRef = 48065F6D1F12663D00747C99 /* MaskedPhoneTextFieldDelegate.swift */; };
		4809C7351EB8AE480060F64E /* GISTAuth.swift in Sources */ = {isa = PBXBuildFile; fileRef = 4809C7341EB8AE480060F64E /* GISTAuth.swift */; };
		4809C7381EB8AEB30060F64E /* GISTSocialUtils.swift in Sources */ = {isa = PBXBuildFile; fileRef = 4809C7371EB8AEB30060F64E /* GISTSocialUtils.swift */; };
		4820E7621ED2DF9400244DED /* URL+Utility.swift in Sources */ = {isa = PBXBuildFile; fileRef = 4820E7611ED2DF9400244DED /* URL+Utility.swift */; };
		48226B001F14E25E0023C4DD /* UIViewExtensions.swift in Sources */ = {isa = PBXBuildFile; fileRef = 48226AFE1F14E25E0023C4DD /* UIViewExtensions.swift */; };
		48226B011F14E25E0023C4DD /* UIImageView+Utility.swift in Sources */ = {isa = PBXBuildFile; fileRef = 48226AFF1F14E25E0023C4DD /* UIImageView+Utility.swift */; };
		48226B091F14E2B10023C4DD /* AnimatedLine.swift in Sources */ = {isa = PBXBuildFile; fileRef = 48226B031F14E2B10023C4DD /* AnimatedLine.swift */; };
		48226B0A1F14E2B10023C4DD /* AnimatedTextField.swift in Sources */ = {isa = PBXBuildFile; fileRef = 48226B041F14E2B10023C4DD /* AnimatedTextField.swift */; };
		48226B0B1F14E2B10023C4DD /* AnimatedTextInput.swift in Sources */ = {isa = PBXBuildFile; fileRef = 48226B051F14E2B10023C4DD /* AnimatedTextInput.swift */; };
		48226B0C1F14E2B10023C4DD /* AnimatedTextInputFieldConfigurator.swift in Sources */ = {isa = PBXBuildFile; fileRef = 48226B061F14E2B10023C4DD /* AnimatedTextInputFieldConfigurator.swift */; };
		48226B0D1F14E2B10023C4DD /* AnimatedTextInputStyle.swift in Sources */ = {isa = PBXBuildFile; fileRef = 48226B071F14E2B10023C4DD /* AnimatedTextInputStyle.swift */; };
		48226B0E1F14E2B10023C4DD /* AnimatedTextView.swift in Sources */ = {isa = PBXBuildFile; fileRef = 48226B081F14E2B10023C4DD /* AnimatedTextView.swift */; };
		483640F71E717774007FD8AC /* String+Utility.swift in Sources */ = {isa = PBXBuildFile; fileRef = 483640F61E717774007FD8AC /* String+Utility.swift */; };
		48439F351ECC594F00836301 /* InputMaskTextField.swift in Sources */ = {isa = PBXBuildFile; fileRef = 48439F341ECC594F00836301 /* InputMaskTextField.swift */; };
		484942C41E73050E004F4A9B /* CustomImageView.swift in Sources */ = {isa = PBXBuildFile; fileRef = 484942B81E73050E004F4A9B /* CustomImageView.swift */; };
		484942C51E73050E004F4A9B /* CustomUIButton.swift in Sources */ = {isa = PBXBuildFile; fileRef = 484942B91E73050E004F4A9B /* CustomUIButton.swift */; };
		484942C61E73050E004F4A9B /* CustomUIButtonDetailed.swift in Sources */ = {isa = PBXBuildFile; fileRef = 484942BA1E73050E004F4A9B /* CustomUIButtonDetailed.swift */; };
		484942C71E73050E004F4A9B /* CustomUIImageView.swift in Sources */ = {isa = PBXBuildFile; fileRef = 484942BB1E73050E004F4A9B /* CustomUIImageView.swift */; };
		484942C81E73050E004F4A9B /* PopoverController.swift in Sources */ = {isa = PBXBuildFile; fileRef = 484942BC1E73050E004F4A9B /* PopoverController.swift */; };
		484942C91E73050E004F4A9B /* PopoverControllerView.swift in Sources */ = {isa = PBXBuildFile; fileRef = 484942BD1E73050E004F4A9B /* PopoverControllerView.swift */; };
		484942CA1E73050E004F4A9B /* ProgressUIButton.swift in Sources */ = {isa = PBXBuildFile; fileRef = 484942BE1E73050E004F4A9B /* ProgressUIButton.swift */; };
		484942CB1E73050E004F4A9B /* UIRadioButton.swift in Sources */ = {isa = PBXBuildFile; fileRef = 484942BF1E73050E004F4A9B /* UIRadioButton.swift */; };
		484942CC1E73050E004F4A9B /* UnderlinedUITextField.swift in Sources */ = {isa = PBXBuildFile; fileRef = 484942C01E73050E004F4A9B /* UnderlinedUITextField.swift */; };
		484942CD1E73050E004F4A9B /* ValidatedTextField.swift in Sources */ = {isa = PBXBuildFile; fileRef = 484942C11E73050E004F4A9B /* ValidatedTextField.swift */; };
		484942CE1E73050E004F4A9B /* ValidatedTextView.swift in Sources */ = {isa = PBXBuildFile; fileRef = 484942C21E73050E004F4A9B /* ValidatedTextView.swift */; };
		484942D11E732E4E004F4A9B /* BaseUIPopoverNavigationController.swift in Sources */ = {isa = PBXBuildFile; fileRef = 484942D01E732E4E004F4A9B /* BaseUIPopoverNavigationController.swift */; };
		484942D31E733576004F4A9B /* BaseViewProtocol.swift in Sources */ = {isa = PBXBuildFile; fileRef = 484942D21E733576004F4A9B /* BaseViewProtocol.swift */; };
		486588171F42C6EB00DE5A56 /* AnimatedInputMaskTextField.swift in Sources */ = {isa = PBXBuildFile; fileRef = 486588161F42C6EB00DE5A56 /* AnimatedInputMaskTextField.swift */; };
		486865051D643C2E000BD55D /* BaseUITableViewHeaderFooterView.swift in Sources */ = {isa = PBXBuildFile; fileRef = 486865041D643C2E000BD55D /* BaseUITableViewHeaderFooterView.swift */; };
		487DBE2E1DBF5B250058359C /* CLPlacemark+Utility.swift in Sources */ = {isa = PBXBuildFile; fileRef = 487DBE2D1DBF5B250058359C /* CLPlacemark+Utility.swift */; };
		4890D19D1ED612D5004E012D /* GISTUser.swift in Sources */ = {isa = PBXBuildFile; fileRef = 4890D19C1ED612D5004E012D /* GISTUser.swift */; };
		489421C81D48954400310089 /* UIColor+Utility.swift in Sources */ = {isa = PBXBuildFile; fileRef = 489421C71D48954400310089 /* UIColor+Utility.swift */; };
		48949D7D1ED814750055CD6C /* ModelUser.swift in Sources */ = {isa = PBXBuildFile; fileRef = 48949D7C1ED814750055CD6C /* ModelUser.swift */; };
		489530571D12AD4100DFD38B /* BaseLayoutConstraint.swift in Sources */ = {isa = PBXBuildFile; fileRef = 4895302B1D12AD4100DFD38B /* BaseLayoutConstraint.swift */; };
		489530581D12AD4100DFD38B /* BaseSeperatorLayoutConstraint.swift in Sources */ = {isa = PBXBuildFile; fileRef = 4895302C1D12AD4100DFD38B /* BaseSeperatorLayoutConstraint.swift */; };
		489530591D12AD4100DFD38B /* BaseUIButton.swift in Sources */ = {isa = PBXBuildFile; fileRef = 4895302D1D12AD4100DFD38B /* BaseUIButton.swift */; };
		4895305A1D12AD4100DFD38B /* BaseUICollectionView.swift in Sources */ = {isa = PBXBuildFile; fileRef = 4895302E1D12AD4100DFD38B /* BaseUICollectionView.swift */; };
		4895305B1D12AD4100DFD38B /* BaseUICollectionViewCell.swift in Sources */ = {isa = PBXBuildFile; fileRef = 4895302F1D12AD4100DFD38B /* BaseUICollectionViewCell.swift */; };
		4895305C1D12AD4100DFD38B /* BaseUIDesignableButton.swift in Sources */ = {isa = PBXBuildFile; fileRef = 489530301D12AD4100DFD38B /* BaseUIDesignableButton.swift */; };
		4895305D1D12AD4100DFD38B /* BaseUIDesignableView.swift in Sources */ = {isa = PBXBuildFile; fileRef = 489530311D12AD4100DFD38B /* BaseUIDesignableView.swift */; };
		4895305E1D12AD4100DFD38B /* BaseUIImageView.swift in Sources */ = {isa = PBXBuildFile; fileRef = 489530321D12AD4100DFD38B /* BaseUIImageView.swift */; };
		4895305F1D12AD4100DFD38B /* BaseUILabel.swift in Sources */ = {isa = PBXBuildFile; fileRef = 489530331D12AD4100DFD38B /* BaseUILabel.swift */; };
		489530601D12AD4100DFD38B /* BaseUINavigationController.swift in Sources */ = {isa = PBXBuildFile; fileRef = 489530341D12AD4100DFD38B /* BaseUINavigationController.swift */; };
		489530621D12AD4100DFD38B /* BaseUIScrollView.swift in Sources */ = {isa = PBXBuildFile; fileRef = 489530361D12AD4100DFD38B /* BaseUIScrollView.swift */; };
		489530631D12AD4100DFD38B /* BaseUISearchBar.swift in Sources */ = {isa = PBXBuildFile; fileRef = 489530371D12AD4100DFD38B /* BaseUISearchBar.swift */; };
		489530641D12AD4100DFD38B /* BaseUISegmentedControl.swift in Sources */ = {isa = PBXBuildFile; fileRef = 489530381D12AD4100DFD38B /* BaseUISegmentedControl.swift */; };
		489530651D12AD4100DFD38B /* BaseUISlider.swift in Sources */ = {isa = PBXBuildFile; fileRef = 489530391D12AD4100DFD38B /* BaseUISlider.swift */; };
		489530661D12AD4100DFD38B /* BaseUIStepper.swift in Sources */ = {isa = PBXBuildFile; fileRef = 4895303A1D12AD4100DFD38B /* BaseUIStepper.swift */; };
		489530671D12AD4100DFD38B /* BaseUISwitch.swift in Sources */ = {isa = PBXBuildFile; fileRef = 4895303B1D12AD4100DFD38B /* BaseUISwitch.swift */; };
		489530681D12AD4100DFD38B /* BaseUITableView.swift in Sources */ = {isa = PBXBuildFile; fileRef = 4895303C1D12AD4100DFD38B /* BaseUITableView.swift */; };
		489530691D12AD4100DFD38B /* BaseUITableViewCell.swift in Sources */ = {isa = PBXBuildFile; fileRef = 4895303D1D12AD4100DFD38B /* BaseUITableViewCell.swift */; };
		4895306A1D12AD4100DFD38B /* BaseUITextField.swift in Sources */ = {isa = PBXBuildFile; fileRef = 4895303E1D12AD4100DFD38B /* BaseUITextField.swift */; };
		4895306B1D12AD4100DFD38B /* BaseUITextView.swift in Sources */ = {isa = PBXBuildFile; fileRef = 4895303F1D12AD4100DFD38B /* BaseUITextView.swift */; };
		4895306C1D12AD4100DFD38B /* BaseUIView.swift in Sources */ = {isa = PBXBuildFile; fileRef = 489530401D12AD4100DFD38B /* BaseUIView.swift */; };
		4895306D1D12AD4100DFD38B /* BaseUIViewController.swift in Sources */ = {isa = PBXBuildFile; fileRef = 489530411D12AD4100DFD38B /* BaseUIViewController.swift */; };
		489530771D12AD4100DFD38B /* UIImage+Utility.swift in Sources */ = {isa = PBXBuildFile; fileRef = 4895304C1D12AD4100DFD38B /* UIImage+Utility.swift */; };
		489530781D12AD4100DFD38B /* UITableView+Utility.swift in Sources */ = {isa = PBXBuildFile; fileRef = 4895304D1D12AD4100DFD38B /* UITableView+Utility.swift */; };
		489530791D12AD4100DFD38B /* UIView+Sync.swift in Sources */ = {isa = PBXBuildFile; fileRef = 4895304E1D12AD4100DFD38B /* UIView+Sync.swift */; };
		4895307A1D12AD4100DFD38B /* UIView+Utility.swift in Sources */ = {isa = PBXBuildFile; fileRef = 4895304F1D12AD4100DFD38B /* UIView+Utility.swift */; };
		4895307B1D12AD4100DFD38B /* SyncedColors.swift in Sources */ = {isa = PBXBuildFile; fileRef = 489530521D12AD4100DFD38B /* SyncedColors.swift */; };
		4895307C1D12AD4100DFD38B /* SyncedConstants.swift in Sources */ = {isa = PBXBuildFile; fileRef = 489530531D12AD4100DFD38B /* SyncedConstants.swift */; };
		4895307D1D12AD4100DFD38B /* SyncedFontStyles.swift in Sources */ = {isa = PBXBuildFile; fileRef = 489530541D12AD4100DFD38B /* SyncedFontStyles.swift */; };
		4895307E1D12AD4100DFD38B /* SyncedText.swift in Sources */ = {isa = PBXBuildFile; fileRef = 489530551D12AD4100DFD38B /* SyncedText.swift */; };
		4895307F1D12AD4100DFD38B /* SyncEngine.swift in Sources */ = {isa = PBXBuildFile; fileRef = 489530561D12AD4100DFD38B /* SyncEngine.swift */; };
		489691E91DDE46E6001DDCE5 /* Weak.swift in Sources */ = {isa = PBXBuildFile; fileRef = 489691E81DDE46E6001DDCE5 /* Weak.swift */; };
		48991B0C1D460C60007467A4 /* Array+Utility.swift in Sources */ = {isa = PBXBuildFile; fileRef = 48991B0B1D460C60007467A4 /* Array+Utility.swift */; };
		489D8CA31D23A6AE0020515D /* UIApplication+Utility.swift in Sources */ = {isa = PBXBuildFile; fileRef = 489D8CA21D23A6AE0020515D /* UIApplication+Utility.swift */; };
		48A518801E5199FB006AE30A /* BaseUIStackView.swift in Sources */ = {isa = PBXBuildFile; fileRef = 48A5187F1E5199FB006AE30A /* BaseUIStackView.swift */; };
		48B1371C1DF5400500842204 /* BaseUIBarButtonItem.swift in Sources */ = {isa = PBXBuildFile; fileRef = 48B1371B1DF5400500842204 /* BaseUIBarButtonItem.swift */; };
		48B465E91D48DB5D00BA3B5E /* UIFont+Utility.swift in Sources */ = {isa = PBXBuildFile; fileRef = 48B465E81D48DB5D00BA3B5E /* UIFont+Utility.swift */; };
		48B698311EB316C100E1DC9E /* PinCodeTextField.swift in Sources */ = {isa = PBXBuildFile; fileRef = 48B698301EB316C100E1DC9E /* PinCodeTextField.swift */; };
		48B698331EB3219500E1DC9E /* Int+Utility.swift in Sources */ = {isa = PBXBuildFile; fileRef = 48B698321EB3219500E1DC9E /* Int+Utility.swift */; };
		48BD58A91DF948D400E4274D /* BaseUIPageControl.swift in Sources */ = {isa = PBXBuildFile; fileRef = 48BD58A81DF948D400E4274D /* BaseUIPageControl.swift */; };
		48BE3B3A1E77D8BF003C3198 /* FloatingLabelTextField.swift in Sources */ = {isa = PBXBuildFile; fileRef = 48BE3B391E77D8BF003C3198 /* FloatingLabelTextField.swift */; };
		48BE3B3E1E77FAAE003C3198 /* UITextField+Utility.swift in Sources */ = {isa = PBXBuildFile; fileRef = 48BE3B3D1E77FAAE003C3198 /* UITextField+Utility.swift */; };
		48C017071EADE6D2008FB1B9 /* DataManager.swift in Sources */ = {isa = PBXBuildFile; fileRef = 48C017051EADE6D2008FB1B9 /* DataManager.swift */; };
		48C017081EADE6D2008FB1B9 /* ManagedParser.swift in Sources */ = {isa = PBXBuildFile; fileRef = 48C017061EADE6D2008FB1B9 /* ManagedParser.swift */; };
		48C4936D1E88F73900F14CF4 /* GISTAppDelegate.swift in Sources */ = {isa = PBXBuildFile; fileRef = 48C4935C1E88F73900F14CF4 /* GISTAppDelegate.swift */; };
		48C4936E1E88F73900F14CF4 /* AppInfo.swift in Sources */ = {isa = PBXBuildFile; fileRef = 48C4935E1E88F73900F14CF4 /* AppInfo.swift */; };
		48C493701E88F73900F14CF4 /* GISTGlobal.swift in Sources */ = {isa = PBXBuildFile; fileRef = 48C493621E88F73900F14CF4 /* GISTGlobal.swift */; };
		48C493711E88F73900F14CF4 /* HTTPServiceManager.swift in Sources */ = {isa = PBXBuildFile; fileRef = 48C493641E88F73900F14CF4 /* HTTPServiceManager.swift */; };
		48C493721E88F73900F14CF4 /* Mappable+ToDictionary.swift in Sources */ = {isa = PBXBuildFile; fileRef = 48C493661E88F73900F14CF4 /* Mappable+ToDictionary.swift */; };
		48C493731E88F73900F14CF4 /* ReachabilityHelper.swift in Sources */ = {isa = PBXBuildFile; fileRef = 48C493681E88F73900F14CF4 /* ReachabilityHelper.swift */; };
		48C493741E88F73900F14CF4 /* TutorialView.swift in Sources */ = {isa = PBXBuildFile; fileRef = 48C4936A1E88F73900F14CF4 /* TutorialView.swift */; };
		48CF84F91DF1564E008C7D85 /* GISTConfig.swift in Sources */ = {isa = PBXBuildFile; fileRef = 48CF84F81DF1564E008C7D85 /* GISTConfig.swift */; };
		48D06BCE1D3772D8007EC9AA /* BaseUITabBarController.swift in Sources */ = {isa = PBXBuildFile; fileRef = 48D06BCD1D3772D8007EC9AA /* BaseUITabBarController.swift */; };
		48D59DCC1DB4081400B65A2E /* UIScrollView+Utility.swift in Sources */ = {isa = PBXBuildFile; fileRef = 48D59DCA1DB4081400B65A2E /* UIScrollView+Utility.swift */; };
		48D59DCD1DB4081400B65A2E /* JSON+Utility.swift in Sources */ = {isa = PBXBuildFile; fileRef = 48D59DCB1DB4081400B65A2E /* JSON+Utility.swift */; };
		48DA7E7D1D9E666200464066 /* BaseUITableViewController.swift in Sources */ = {isa = PBXBuildFile; fileRef = 48DA7E7C1D9E666200464066 /* BaseUITableViewController.swift */; };
		48DA7E7F1D9E674F00464066 /* BaseUISearchController.swift in Sources */ = {isa = PBXBuildFile; fileRef = 48DA7E7E1D9E674F00464066 /* BaseUISearchController.swift */; };
		48DAD7521F3CB25F00FC8C0D /* ThresholdTime.swift in Sources */ = {isa = PBXBuildFile; fileRef = 48DAD7511F3CB25F00FC8C0D /* ThresholdTime.swift */; };
		48E192891E8BC1C600638528 /* GISTEnumNConstants.swift in Sources */ = {isa = PBXBuildFile; fileRef = 48E192881E8BC1C600638528 /* GISTEnumNConstants.swift */; };
		48E574DB1EFCE2D3002FF32C /* GISTFile.swift in Sources */ = {isa = PBXBuildFile; fileRef = 48E574DA1EFCE2D3002FF32C /* GISTFile.swift */; };
		48E574DD1EFCF077002FF32C /* Data+Utility.swift in Sources */ = {isa = PBXBuildFile; fileRef = 48E574DC1EFCF077002FF32C /* Data+Utility.swift */; };
		48EA5C521D0FD35B003FDDAF /* GISTFramework.h in Headers */ = {isa = PBXBuildFile; fileRef = 48EA5C511D0FD35B003FDDAF /* GISTFramework.h */; settings = {ATTRIBUTES = (Public, ); }; };
		48EB0AEA1D7FEFD700BD93BC /* GISTApplication.swift in Sources */ = {isa = PBXBuildFile; fileRef = 48EB0AE91D7FEFD700BD93BC /* GISTApplication.swift */; };
		48EB0AEC1D7FF45B00BD93BC /* GISTUtility.swift in Sources */ = {isa = PBXBuildFile; fileRef = 48EB0AEB1D7FF45B00BD93BC /* GISTUtility.swift */; };
		48F569F21D37CE30007849A8 /* BaseUINavigationItem.swift in Sources */ = {isa = PBXBuildFile; fileRef = 48F569F11D37CE30007849A8 /* BaseUINavigationItem.swift */; };
		75EFC83E1BAFFCCA5E63F0DA /* Pods_GISTFramework.framework in Frameworks */ = {isa = PBXBuildFile; fileRef = FA66D834B312F157A5D9B434 /* Pods_GISTFramework.framework */; };
/* End PBXBuildFile section */

/* Begin PBXFileReference section */
		47A752A77860274A822EC83C /* Pods-GISTFramework.debug.xcconfig */ = {isa = PBXFileReference; includeInIndex = 1; lastKnownFileType = text.xcconfig; name = "Pods-GISTFramework.debug.xcconfig"; path = "Pods/Target Support Files/Pods-GISTFramework/Pods-GISTFramework.debug.xcconfig"; sourceTree = "<group>"; };
		48051E2A1F160E28006C5507 /* ValidatedAnimatedTextInput.swift */ = {isa = PBXFileReference; fileEncoding = 4; lastKnownFileType = sourcecode.swift; path = ValidatedAnimatedTextInput.swift; sourceTree = "<group>"; };
		48051E2C1F16318A006C5507 /* ValidatedTextInput.swift */ = {isa = PBXFileReference; fileEncoding = 4; lastKnownFileType = sourcecode.swift; path = ValidatedTextInput.swift; sourceTree = "<group>"; };
		48065F6D1F12663D00747C99 /* MaskedPhoneTextFieldDelegate.swift */ = {isa = PBXFileReference; fileEncoding = 4; lastKnownFileType = sourcecode.swift; path = MaskedPhoneTextFieldDelegate.swift; sourceTree = "<group>"; };
		4809C7341EB8AE480060F64E /* GISTAuth.swift */ = {isa = PBXFileReference; fileEncoding = 4; lastKnownFileType = sourcecode.swift; path = GISTAuth.swift; sourceTree = "<group>"; };
		4809C7371EB8AEB30060F64E /* GISTSocialUtils.swift */ = {isa = PBXFileReference; fileEncoding = 4; lastKnownFileType = sourcecode.swift; path = GISTSocialUtils.swift; sourceTree = "<group>"; };
		4820E7611ED2DF9400244DED /* URL+Utility.swift */ = {isa = PBXFileReference; fileEncoding = 4; lastKnownFileType = sourcecode.swift; path = "URL+Utility.swift"; sourceTree = "<group>"; };
		48226AFE1F14E25E0023C4DD /* UIViewExtensions.swift */ = {isa = PBXFileReference; fileEncoding = 4; lastKnownFileType = sourcecode.swift; path = UIViewExtensions.swift; sourceTree = "<group>"; };
		48226AFF1F14E25E0023C4DD /* UIImageView+Utility.swift */ = {isa = PBXFileReference; fileEncoding = 4; lastKnownFileType = sourcecode.swift; path = "UIImageView+Utility.swift"; sourceTree = "<group>"; };
		48226B031F14E2B10023C4DD /* AnimatedLine.swift */ = {isa = PBXFileReference; fileEncoding = 4; lastKnownFileType = sourcecode.swift; path = AnimatedLine.swift; sourceTree = "<group>"; };
		48226B041F14E2B10023C4DD /* AnimatedTextField.swift */ = {isa = PBXFileReference; fileEncoding = 4; lastKnownFileType = sourcecode.swift; path = AnimatedTextField.swift; sourceTree = "<group>"; };
		48226B051F14E2B10023C4DD /* AnimatedTextInput.swift */ = {isa = PBXFileReference; fileEncoding = 4; lastKnownFileType = sourcecode.swift; path = AnimatedTextInput.swift; sourceTree = "<group>"; };
		48226B061F14E2B10023C4DD /* AnimatedTextInputFieldConfigurator.swift */ = {isa = PBXFileReference; fileEncoding = 4; lastKnownFileType = sourcecode.swift; path = AnimatedTextInputFieldConfigurator.swift; sourceTree = "<group>"; };
		48226B071F14E2B10023C4DD /* AnimatedTextInputStyle.swift */ = {isa = PBXFileReference; fileEncoding = 4; lastKnownFileType = sourcecode.swift; path = AnimatedTextInputStyle.swift; sourceTree = "<group>"; };
		48226B081F14E2B10023C4DD /* AnimatedTextView.swift */ = {isa = PBXFileReference; fileEncoding = 4; lastKnownFileType = sourcecode.swift; path = AnimatedTextView.swift; sourceTree = "<group>"; };
		483640F61E717774007FD8AC /* String+Utility.swift */ = {isa = PBXFileReference; fileEncoding = 4; lastKnownFileType = sourcecode.swift; path = "String+Utility.swift"; sourceTree = "<group>"; };
		48439F341ECC594F00836301 /* InputMaskTextField.swift */ = {isa = PBXFileReference; fileEncoding = 4; lastKnownFileType = sourcecode.swift; path = InputMaskTextField.swift; sourceTree = "<group>"; };
		484942B81E73050E004F4A9B /* CustomImageView.swift */ = {isa = PBXFileReference; fileEncoding = 4; lastKnownFileType = sourcecode.swift; path = CustomImageView.swift; sourceTree = "<group>"; };
		484942B91E73050E004F4A9B /* CustomUIButton.swift */ = {isa = PBXFileReference; fileEncoding = 4; lastKnownFileType = sourcecode.swift; path = CustomUIButton.swift; sourceTree = "<group>"; };
		484942BA1E73050E004F4A9B /* CustomUIButtonDetailed.swift */ = {isa = PBXFileReference; fileEncoding = 4; lastKnownFileType = sourcecode.swift; path = CustomUIButtonDetailed.swift; sourceTree = "<group>"; };
		484942BB1E73050E004F4A9B /* CustomUIImageView.swift */ = {isa = PBXFileReference; fileEncoding = 4; lastKnownFileType = sourcecode.swift; path = CustomUIImageView.swift; sourceTree = "<group>"; };
		484942BC1E73050E004F4A9B /* PopoverController.swift */ = {isa = PBXFileReference; fileEncoding = 4; lastKnownFileType = sourcecode.swift; path = PopoverController.swift; sourceTree = "<group>"; };
		484942BD1E73050E004F4A9B /* PopoverControllerView.swift */ = {isa = PBXFileReference; fileEncoding = 4; lastKnownFileType = sourcecode.swift; path = PopoverControllerView.swift; sourceTree = "<group>"; };
		484942BE1E73050E004F4A9B /* ProgressUIButton.swift */ = {isa = PBXFileReference; fileEncoding = 4; lastKnownFileType = sourcecode.swift; path = ProgressUIButton.swift; sourceTree = "<group>"; };
		484942BF1E73050E004F4A9B /* UIRadioButton.swift */ = {isa = PBXFileReference; fileEncoding = 4; lastKnownFileType = sourcecode.swift; path = UIRadioButton.swift; sourceTree = "<group>"; };
		484942C01E73050E004F4A9B /* UnderlinedUITextField.swift */ = {isa = PBXFileReference; fileEncoding = 4; lastKnownFileType = sourcecode.swift; path = UnderlinedUITextField.swift; sourceTree = "<group>"; };
		484942C11E73050E004F4A9B /* ValidatedTextField.swift */ = {isa = PBXFileReference; fileEncoding = 4; lastKnownFileType = sourcecode.swift; path = ValidatedTextField.swift; sourceTree = "<group>"; };
		484942C21E73050E004F4A9B /* ValidatedTextView.swift */ = {isa = PBXFileReference; fileEncoding = 4; lastKnownFileType = sourcecode.swift; path = ValidatedTextView.swift; sourceTree = "<group>"; };
		484942D01E732E4E004F4A9B /* BaseUIPopoverNavigationController.swift */ = {isa = PBXFileReference; fileEncoding = 4; lastKnownFileType = sourcecode.swift; path = BaseUIPopoverNavigationController.swift; sourceTree = "<group>"; };
		484942D21E733576004F4A9B /* BaseViewProtocol.swift */ = {isa = PBXFileReference; fileEncoding = 4; lastKnownFileType = sourcecode.swift; path = BaseViewProtocol.swift; sourceTree = "<group>"; };
		486588161F42C6EB00DE5A56 /* AnimatedInputMaskTextField.swift */ = {isa = PBXFileReference; fileEncoding = 4; lastKnownFileType = sourcecode.swift; path = AnimatedInputMaskTextField.swift; sourceTree = "<group>"; };
		486865041D643C2E000BD55D /* BaseUITableViewHeaderFooterView.swift */ = {isa = PBXFileReference; fileEncoding = 4; lastKnownFileType = sourcecode.swift; path = BaseUITableViewHeaderFooterView.swift; sourceTree = "<group>"; };
		487DBE2D1DBF5B250058359C /* CLPlacemark+Utility.swift */ = {isa = PBXFileReference; fileEncoding = 4; lastKnownFileType = sourcecode.swift; path = "CLPlacemark+Utility.swift"; sourceTree = "<group>"; };
		4890D19C1ED612D5004E012D /* GISTUser.swift */ = {isa = PBXFileReference; fileEncoding = 4; lastKnownFileType = sourcecode.swift; path = GISTUser.swift; sourceTree = "<group>"; };
		489421C71D48954400310089 /* UIColor+Utility.swift */ = {isa = PBXFileReference; fileEncoding = 4; lastKnownFileType = sourcecode.swift; path = "UIColor+Utility.swift"; sourceTree = "<group>"; };
		48949D7C1ED814750055CD6C /* ModelUser.swift */ = {isa = PBXFileReference; fileEncoding = 4; lastKnownFileType = sourcecode.swift; path = ModelUser.swift; sourceTree = "<group>"; };
		4895302B1D12AD4100DFD38B /* BaseLayoutConstraint.swift */ = {isa = PBXFileReference; fileEncoding = 4; lastKnownFileType = sourcecode.swift; path = BaseLayoutConstraint.swift; sourceTree = "<group>"; };
		4895302C1D12AD4100DFD38B /* BaseSeperatorLayoutConstraint.swift */ = {isa = PBXFileReference; fileEncoding = 4; lastKnownFileType = sourcecode.swift; path = BaseSeperatorLayoutConstraint.swift; sourceTree = "<group>"; };
		4895302D1D12AD4100DFD38B /* BaseUIButton.swift */ = {isa = PBXFileReference; fileEncoding = 4; lastKnownFileType = sourcecode.swift; path = BaseUIButton.swift; sourceTree = "<group>"; };
		4895302E1D12AD4100DFD38B /* BaseUICollectionView.swift */ = {isa = PBXFileReference; fileEncoding = 4; lastKnownFileType = sourcecode.swift; path = BaseUICollectionView.swift; sourceTree = "<group>"; };
		4895302F1D12AD4100DFD38B /* BaseUICollectionViewCell.swift */ = {isa = PBXFileReference; fileEncoding = 4; lastKnownFileType = sourcecode.swift; path = BaseUICollectionViewCell.swift; sourceTree = "<group>"; };
		489530301D12AD4100DFD38B /* BaseUIDesignableButton.swift */ = {isa = PBXFileReference; fileEncoding = 4; lastKnownFileType = sourcecode.swift; path = BaseUIDesignableButton.swift; sourceTree = "<group>"; };
		489530311D12AD4100DFD38B /* BaseUIDesignableView.swift */ = {isa = PBXFileReference; fileEncoding = 4; lastKnownFileType = sourcecode.swift; path = BaseUIDesignableView.swift; sourceTree = "<group>"; };
		489530321D12AD4100DFD38B /* BaseUIImageView.swift */ = {isa = PBXFileReference; fileEncoding = 4; lastKnownFileType = sourcecode.swift; path = BaseUIImageView.swift; sourceTree = "<group>"; };
		489530331D12AD4100DFD38B /* BaseUILabel.swift */ = {isa = PBXFileReference; fileEncoding = 4; lastKnownFileType = sourcecode.swift; path = BaseUILabel.swift; sourceTree = "<group>"; };
		489530341D12AD4100DFD38B /* BaseUINavigationController.swift */ = {isa = PBXFileReference; fileEncoding = 4; lastKnownFileType = sourcecode.swift; path = BaseUINavigationController.swift; sourceTree = "<group>"; };
		489530361D12AD4100DFD38B /* BaseUIScrollView.swift */ = {isa = PBXFileReference; fileEncoding = 4; lastKnownFileType = sourcecode.swift; path = BaseUIScrollView.swift; sourceTree = "<group>"; };
		489530371D12AD4100DFD38B /* BaseUISearchBar.swift */ = {isa = PBXFileReference; fileEncoding = 4; lastKnownFileType = sourcecode.swift; path = BaseUISearchBar.swift; sourceTree = "<group>"; };
		489530381D12AD4100DFD38B /* BaseUISegmentedControl.swift */ = {isa = PBXFileReference; fileEncoding = 4; lastKnownFileType = sourcecode.swift; path = BaseUISegmentedControl.swift; sourceTree = "<group>"; };
		489530391D12AD4100DFD38B /* BaseUISlider.swift */ = {isa = PBXFileReference; fileEncoding = 4; lastKnownFileType = sourcecode.swift; path = BaseUISlider.swift; sourceTree = "<group>"; };
		4895303A1D12AD4100DFD38B /* BaseUIStepper.swift */ = {isa = PBXFileReference; fileEncoding = 4; lastKnownFileType = sourcecode.swift; path = BaseUIStepper.swift; sourceTree = "<group>"; };
		4895303B1D12AD4100DFD38B /* BaseUISwitch.swift */ = {isa = PBXFileReference; fileEncoding = 4; lastKnownFileType = sourcecode.swift; path = BaseUISwitch.swift; sourceTree = "<group>"; };
		4895303C1D12AD4100DFD38B /* BaseUITableView.swift */ = {isa = PBXFileReference; fileEncoding = 4; lastKnownFileType = sourcecode.swift; path = BaseUITableView.swift; sourceTree = "<group>"; };
		4895303D1D12AD4100DFD38B /* BaseUITableViewCell.swift */ = {isa = PBXFileReference; fileEncoding = 4; lastKnownFileType = sourcecode.swift; path = BaseUITableViewCell.swift; sourceTree = "<group>"; };
		4895303E1D12AD4100DFD38B /* BaseUITextField.swift */ = {isa = PBXFileReference; fileEncoding = 4; lastKnownFileType = sourcecode.swift; path = BaseUITextField.swift; sourceTree = "<group>"; };
		4895303F1D12AD4100DFD38B /* BaseUITextView.swift */ = {isa = PBXFileReference; fileEncoding = 4; lastKnownFileType = sourcecode.swift; path = BaseUITextView.swift; sourceTree = "<group>"; };
		489530401D12AD4100DFD38B /* BaseUIView.swift */ = {isa = PBXFileReference; fileEncoding = 4; lastKnownFileType = sourcecode.swift; path = BaseUIView.swift; sourceTree = "<group>"; };
		489530411D12AD4100DFD38B /* BaseUIViewController.swift */ = {isa = PBXFileReference; fileEncoding = 4; lastKnownFileType = sourcecode.swift; path = BaseUIViewController.swift; sourceTree = "<group>"; };
		4895304C1D12AD4100DFD38B /* UIImage+Utility.swift */ = {isa = PBXFileReference; fileEncoding = 4; lastKnownFileType = sourcecode.swift; path = "UIImage+Utility.swift"; sourceTree = "<group>"; };
		4895304D1D12AD4100DFD38B /* UITableView+Utility.swift */ = {isa = PBXFileReference; fileEncoding = 4; lastKnownFileType = sourcecode.swift; path = "UITableView+Utility.swift"; sourceTree = "<group>"; };
		4895304E1D12AD4100DFD38B /* UIView+Sync.swift */ = {isa = PBXFileReference; fileEncoding = 4; lastKnownFileType = sourcecode.swift; path = "UIView+Sync.swift"; sourceTree = "<group>"; };
		4895304F1D12AD4100DFD38B /* UIView+Utility.swift */ = {isa = PBXFileReference; fileEncoding = 4; lastKnownFileType = sourcecode.swift; path = "UIView+Utility.swift"; sourceTree = "<group>"; };
		489530521D12AD4100DFD38B /* SyncedColors.swift */ = {isa = PBXFileReference; fileEncoding = 4; lastKnownFileType = sourcecode.swift; path = SyncedColors.swift; sourceTree = "<group>"; };
		489530531D12AD4100DFD38B /* SyncedConstants.swift */ = {isa = PBXFileReference; fileEncoding = 4; lastKnownFileType = sourcecode.swift; path = SyncedConstants.swift; sourceTree = "<group>"; };
		489530541D12AD4100DFD38B /* SyncedFontStyles.swift */ = {isa = PBXFileReference; fileEncoding = 4; lastKnownFileType = sourcecode.swift; path = SyncedFontStyles.swift; sourceTree = "<group>"; };
		489530551D12AD4100DFD38B /* SyncedText.swift */ = {isa = PBXFileReference; fileEncoding = 4; lastKnownFileType = sourcecode.swift; path = SyncedText.swift; sourceTree = "<group>"; };
		489530561D12AD4100DFD38B /* SyncEngine.swift */ = {isa = PBXFileReference; fileEncoding = 4; lastKnownFileType = sourcecode.swift; path = SyncEngine.swift; sourceTree = "<group>"; };
		489691E81DDE46E6001DDCE5 /* Weak.swift */ = {isa = PBXFileReference; fileEncoding = 4; lastKnownFileType = sourcecode.swift; path = Weak.swift; sourceTree = "<group>"; };
		48991B0B1D460C60007467A4 /* Array+Utility.swift */ = {isa = PBXFileReference; fileEncoding = 4; lastKnownFileType = sourcecode.swift; path = "Array+Utility.swift"; sourceTree = "<group>"; };
		489D8CA21D23A6AE0020515D /* UIApplication+Utility.swift */ = {isa = PBXFileReference; fileEncoding = 4; lastKnownFileType = sourcecode.swift; path = "UIApplication+Utility.swift"; sourceTree = "<group>"; };
		48A5187F1E5199FB006AE30A /* BaseUIStackView.swift */ = {isa = PBXFileReference; fileEncoding = 4; lastKnownFileType = sourcecode.swift; path = BaseUIStackView.swift; sourceTree = "<group>"; };
		48B1371B1DF5400500842204 /* BaseUIBarButtonItem.swift */ = {isa = PBXFileReference; fileEncoding = 4; lastKnownFileType = sourcecode.swift; path = BaseUIBarButtonItem.swift; sourceTree = "<group>"; };
		48B465E81D48DB5D00BA3B5E /* UIFont+Utility.swift */ = {isa = PBXFileReference; fileEncoding = 4; lastKnownFileType = sourcecode.swift; path = "UIFont+Utility.swift"; sourceTree = "<group>"; };
		48B698301EB316C100E1DC9E /* PinCodeTextField.swift */ = {isa = PBXFileReference; fileEncoding = 4; lastKnownFileType = sourcecode.swift; path = PinCodeTextField.swift; sourceTree = "<group>"; };
		48B698321EB3219500E1DC9E /* Int+Utility.swift */ = {isa = PBXFileReference; fileEncoding = 4; lastKnownFileType = sourcecode.swift; path = "Int+Utility.swift"; sourceTree = "<group>"; };
		48BD58A81DF948D400E4274D /* BaseUIPageControl.swift */ = {isa = PBXFileReference; fileEncoding = 4; lastKnownFileType = sourcecode.swift; path = BaseUIPageControl.swift; sourceTree = "<group>"; };
		48BE3B391E77D8BF003C3198 /* FloatingLabelTextField.swift */ = {isa = PBXFileReference; fileEncoding = 4; lastKnownFileType = sourcecode.swift; path = FloatingLabelTextField.swift; sourceTree = "<group>"; };
		48BE3B3D1E77FAAE003C3198 /* UITextField+Utility.swift */ = {isa = PBXFileReference; fileEncoding = 4; lastKnownFileType = sourcecode.swift; path = "UITextField+Utility.swift"; sourceTree = "<group>"; };
		48C017051EADE6D2008FB1B9 /* DataManager.swift */ = {isa = PBXFileReference; fileEncoding = 4; lastKnownFileType = sourcecode.swift; path = DataManager.swift; sourceTree = "<group>"; };
		48C017061EADE6D2008FB1B9 /* ManagedParser.swift */ = {isa = PBXFileReference; fileEncoding = 4; lastKnownFileType = sourcecode.swift; path = ManagedParser.swift; sourceTree = "<group>"; };
		48C4935C1E88F73900F14CF4 /* GISTAppDelegate.swift */ = {isa = PBXFileReference; fileEncoding = 4; lastKnownFileType = sourcecode.swift; path = GISTAppDelegate.swift; sourceTree = "<group>"; };
		48C4935E1E88F73900F14CF4 /* AppInfo.swift */ = {isa = PBXFileReference; fileEncoding = 4; lastKnownFileType = sourcecode.swift; path = AppInfo.swift; sourceTree = "<group>"; };
		48C493621E88F73900F14CF4 /* GISTGlobal.swift */ = {isa = PBXFileReference; fileEncoding = 4; lastKnownFileType = sourcecode.swift; path = GISTGlobal.swift; sourceTree = "<group>"; };
		48C493641E88F73900F14CF4 /* HTTPServiceManager.swift */ = {isa = PBXFileReference; fileEncoding = 4; lastKnownFileType = sourcecode.swift; path = HTTPServiceManager.swift; sourceTree = "<group>"; };
		48C493661E88F73900F14CF4 /* Mappable+ToDictionary.swift */ = {isa = PBXFileReference; fileEncoding = 4; lastKnownFileType = sourcecode.swift; path = "Mappable+ToDictionary.swift"; sourceTree = "<group>"; };
		48C493681E88F73900F14CF4 /* ReachabilityHelper.swift */ = {isa = PBXFileReference; fileEncoding = 4; lastKnownFileType = sourcecode.swift; path = ReachabilityHelper.swift; sourceTree = "<group>"; };
		48C4936A1E88F73900F14CF4 /* TutorialView.swift */ = {isa = PBXFileReference; fileEncoding = 4; lastKnownFileType = sourcecode.swift; path = TutorialView.swift; sourceTree = "<group>"; };
		48CF84F81DF1564E008C7D85 /* GISTConfig.swift */ = {isa = PBXFileReference; fileEncoding = 4; lastKnownFileType = sourcecode.swift; path = GISTConfig.swift; sourceTree = "<group>"; };
		48D06BCD1D3772D8007EC9AA /* BaseUITabBarController.swift */ = {isa = PBXFileReference; fileEncoding = 4; lastKnownFileType = sourcecode.swift; path = BaseUITabBarController.swift; sourceTree = "<group>"; };
		48D59DCA1DB4081400B65A2E /* UIScrollView+Utility.swift */ = {isa = PBXFileReference; fileEncoding = 4; lastKnownFileType = sourcecode.swift; path = "UIScrollView+Utility.swift"; sourceTree = "<group>"; };
		48D59DCB1DB4081400B65A2E /* JSON+Utility.swift */ = {isa = PBXFileReference; fileEncoding = 4; lastKnownFileType = sourcecode.swift; path = "JSON+Utility.swift"; sourceTree = "<group>"; };
		48DA7E7C1D9E666200464066 /* BaseUITableViewController.swift */ = {isa = PBXFileReference; fileEncoding = 4; lastKnownFileType = sourcecode.swift; path = BaseUITableViewController.swift; sourceTree = "<group>"; };
		48DA7E7E1D9E674F00464066 /* BaseUISearchController.swift */ = {isa = PBXFileReference; fileEncoding = 4; lastKnownFileType = sourcecode.swift; path = BaseUISearchController.swift; sourceTree = "<group>"; };
		48DAD7511F3CB25F00FC8C0D /* ThresholdTime.swift */ = {isa = PBXFileReference; fileEncoding = 4; lastKnownFileType = sourcecode.swift; path = ThresholdTime.swift; sourceTree = "<group>"; };
		48E192881E8BC1C600638528 /* GISTEnumNConstants.swift */ = {isa = PBXFileReference; fileEncoding = 4; lastKnownFileType = sourcecode.swift; path = GISTEnumNConstants.swift; sourceTree = "<group>"; };
		48E574DA1EFCE2D3002FF32C /* GISTFile.swift */ = {isa = PBXFileReference; fileEncoding = 4; lastKnownFileType = sourcecode.swift; path = GISTFile.swift; sourceTree = "<group>"; };
		48E574DC1EFCF077002FF32C /* Data+Utility.swift */ = {isa = PBXFileReference; fileEncoding = 4; lastKnownFileType = sourcecode.swift; path = "Data+Utility.swift"; sourceTree = "<group>"; };
		48EA5C4E1D0FD35B003FDDAF /* GISTFramework.framework */ = {isa = PBXFileReference; explicitFileType = wrapper.framework; includeInIndex = 0; path = GISTFramework.framework; sourceTree = BUILT_PRODUCTS_DIR; };
		48EA5C511D0FD35B003FDDAF /* GISTFramework.h */ = {isa = PBXFileReference; lastKnownFileType = sourcecode.c.h; path = GISTFramework.h; sourceTree = "<group>"; };
		48EA5C531D0FD35B003FDDAF /* Info.plist */ = {isa = PBXFileReference; lastKnownFileType = text.plist.xml; path = Info.plist; sourceTree = "<group>"; };
		48EB0AE91D7FEFD700BD93BC /* GISTApplication.swift */ = {isa = PBXFileReference; fileEncoding = 4; lastKnownFileType = sourcecode.swift; path = GISTApplication.swift; sourceTree = "<group>"; };
		48EB0AEB1D7FF45B00BD93BC /* GISTUtility.swift */ = {isa = PBXFileReference; fileEncoding = 4; lastKnownFileType = sourcecode.swift; path = GISTUtility.swift; sourceTree = "<group>"; };
		48F569F11D37CE30007849A8 /* BaseUINavigationItem.swift */ = {isa = PBXFileReference; fileEncoding = 4; lastKnownFileType = sourcecode.swift; path = BaseUINavigationItem.swift; sourceTree = "<group>"; };
		601E2723144B35C12AB95A07 /* Pods-GISTFramework.release.xcconfig */ = {isa = PBXFileReference; includeInIndex = 1; lastKnownFileType = text.xcconfig; name = "Pods-GISTFramework.release.xcconfig"; path = "Pods/Target Support Files/Pods-GISTFramework/Pods-GISTFramework.release.xcconfig"; sourceTree = "<group>"; };
		FA66D834B312F157A5D9B434 /* Pods_GISTFramework.framework */ = {isa = PBXFileReference; explicitFileType = wrapper.framework; includeInIndex = 0; path = Pods_GISTFramework.framework; sourceTree = BUILT_PRODUCTS_DIR; };
/* End PBXFileReference section */

/* Begin PBXFrameworksBuildPhase section */
		48EA5C4A1D0FD35B003FDDAF /* Frameworks */ = {
			isa = PBXFrameworksBuildPhase;
			buildActionMask = 2147483647;
			files = (
				75EFC83E1BAFFCCA5E63F0DA /* Pods_GISTFramework.framework in Frameworks */,
			);
			runOnlyForDeploymentPostprocessing = 0;
		};
/* End PBXFrameworksBuildPhase section */

/* Begin PBXGroup section */
		399A3C847A17BF02803DD8A0 /* Pods */ = {
			isa = PBXGroup;
			children = (
				47A752A77860274A822EC83C /* Pods-GISTFramework.debug.xcconfig */,
				601E2723144B35C12AB95A07 /* Pods-GISTFramework.release.xcconfig */,
			);
			name = Pods;
			sourceTree = "<group>";
		};
		4809C7331EB8AE480060F64E /* Authentication */ = {
			isa = PBXGroup;
			children = (
				4809C7341EB8AE480060F64E /* GISTAuth.swift */,
			);
			path = Authentication;
			sourceTree = "<group>";
		};
		4809C7361EB8AE910060F64E /* Helpers */ = {
			isa = PBXGroup;
			children = (
				4809C7371EB8AEB30060F64E /* GISTSocialUtils.swift */,
			);
			name = Helpers;
			path = Extentions;
			sourceTree = "<group>";
		};
		48226B021F14E2B10023C4DD /* AnimatedTextInput */ = {
			isa = PBXGroup;
			children = (
				48226B031F14E2B10023C4DD /* AnimatedLine.swift */,
				48226B041F14E2B10023C4DD /* AnimatedTextField.swift */,
				486588161F42C6EB00DE5A56 /* AnimatedInputMaskTextField.swift */,
				48226B051F14E2B10023C4DD /* AnimatedTextInput.swift */,
				48226B061F14E2B10023C4DD /* AnimatedTextInputFieldConfigurator.swift */,
				48226B071F14E2B10023C4DD /* AnimatedTextInputStyle.swift */,
				48226B081F14E2B10023C4DD /* AnimatedTextView.swift */,
				48051E2A1F160E28006C5507 /* ValidatedAnimatedTextInput.swift */,
			);
			path = AnimatedTextInput;
			sourceTree = "<group>";
		};
		484942B71E730425004F4A9B /* Controls */ = {
			isa = PBXGroup;
			children = (
				48226B021F14E2B10023C4DD /* AnimatedTextInput */,
				484942B81E73050E004F4A9B /* CustomImageView.swift */,
				48BE3B391E77D8BF003C3198 /* FloatingLabelTextField.swift */,
				484942B91E73050E004F4A9B /* CustomUIButton.swift */,
				484942BA1E73050E004F4A9B /* CustomUIButtonDetailed.swift */,
				48065F6D1F12663D00747C99 /* MaskedPhoneTextFieldDelegate.swift */,
				484942BB1E73050E004F4A9B /* CustomUIImageView.swift */,
				484942BC1E73050E004F4A9B /* PopoverController.swift */,
				484942BD1E73050E004F4A9B /* PopoverControllerView.swift */,
				484942D01E732E4E004F4A9B /* BaseUIPopoverNavigationController.swift */,
				484942BE1E73050E004F4A9B /* ProgressUIButton.swift */,
				484942BF1E73050E004F4A9B /* UIRadioButton.swift */,
				484942C01E73050E004F4A9B /* UnderlinedUITextField.swift */,
				484942C11E73050E004F4A9B /* ValidatedTextField.swift */,
				484942C21E73050E004F4A9B /* ValidatedTextView.swift */,
				48B698301EB316C100E1DC9E /* PinCodeTextField.swift */,
				48439F341ECC594F00836301 /* InputMaskTextField.swift */,
				48051E2C1F16318A006C5507 /* ValidatedTextInput.swift */,
			);
			path = Controls;
			sourceTree = "<group>";
		};
		48949D7B1ED814750055CD6C /* Model */ = {
			isa = PBXGroup;
			children = (
				48949D7C1ED814750055CD6C /* ModelUser.swift */,
				48E574DA1EFCE2D3002FF32C /* GISTFile.swift */,
			);
			path = Model;
			sourceTree = "<group>";
		};
		489530291D12AD4100DFD38B /* Classes */ = {
			isa = PBXGroup;
			children = (
				48C4935A1E88F73900F14CF4 /* GISTSocial */,
				48EB0AD71D7FEE7900BD93BC /* GISTCore */,
				484942B71E730425004F4A9B /* Controls */,
				4895302A1D12AD4100DFD38B /* BaseClasses */,
				489530491D12AD4100DFD38B /* Extentions */,
				489530501D12AD4100DFD38B /* SyncEngine */,
			);
			path = Classes;
			sourceTree = "<group>";
		};
		4895302A1D12AD4100DFD38B /* BaseClasses */ = {
			isa = PBXGroup;
			children = (
				48B1371B1DF5400500842204 /* BaseUIBarButtonItem.swift */,
				4895302B1D12AD4100DFD38B /* BaseLayoutConstraint.swift */,
				4895302C1D12AD4100DFD38B /* BaseSeperatorLayoutConstraint.swift */,
				4895302D1D12AD4100DFD38B /* BaseUIButton.swift */,
				4895302E1D12AD4100DFD38B /* BaseUICollectionView.swift */,
				4895302F1D12AD4100DFD38B /* BaseUICollectionViewCell.swift */,
				489530301D12AD4100DFD38B /* BaseUIDesignableButton.swift */,
				489530311D12AD4100DFD38B /* BaseUIDesignableView.swift */,
				489530321D12AD4100DFD38B /* BaseUIImageView.swift */,
				489530331D12AD4100DFD38B /* BaseUILabel.swift */,
				489530341D12AD4100DFD38B /* BaseUINavigationController.swift */,
				489530361D12AD4100DFD38B /* BaseUIScrollView.swift */,
				489530371D12AD4100DFD38B /* BaseUISearchBar.swift */,
				489530381D12AD4100DFD38B /* BaseUISegmentedControl.swift */,
				489530391D12AD4100DFD38B /* BaseUISlider.swift */,
				4895303A1D12AD4100DFD38B /* BaseUIStepper.swift */,
				4895303B1D12AD4100DFD38B /* BaseUISwitch.swift */,
				4895303C1D12AD4100DFD38B /* BaseUITableView.swift */,
				4895303D1D12AD4100DFD38B /* BaseUITableViewCell.swift */,
				4895303E1D12AD4100DFD38B /* BaseUITextField.swift */,
				4895303F1D12AD4100DFD38B /* BaseUITextView.swift */,
				489530401D12AD4100DFD38B /* BaseUIView.swift */,
				489530411D12AD4100DFD38B /* BaseUIViewController.swift */,
				48D06BCD1D3772D8007EC9AA /* BaseUITabBarController.swift */,
				48F569F11D37CE30007849A8 /* BaseUINavigationItem.swift */,
				486865041D643C2E000BD55D /* BaseUITableViewHeaderFooterView.swift */,
				48DA7E7C1D9E666200464066 /* BaseUITableViewController.swift */,
				48DA7E7E1D9E674F00464066 /* BaseUISearchController.swift */,
				48BD58A81DF948D400E4274D /* BaseUIPageControl.swift */,
				48A5187F1E5199FB006AE30A /* BaseUIStackView.swift */,
			);
			path = BaseClasses;
			sourceTree = "<group>";
		};
		489530491D12AD4100DFD38B /* Extentions */ = {
			isa = PBXGroup;
			children = (
				48BE3B3D1E77FAAE003C3198 /* UITextField+Utility.swift */,
				48E574DC1EFCF077002FF32C /* Data+Utility.swift */,
				48D59DCA1DB4081400B65A2E /* UIScrollView+Utility.swift */,
				48D59DCB1DB4081400B65A2E /* JSON+Utility.swift */,
				483640F61E717774007FD8AC /* String+Utility.swift */,
				489421C71D48954400310089 /* UIColor+Utility.swift */,
				4895304C1D12AD4100DFD38B /* UIImage+Utility.swift */,
				4895304D1D12AD4100DFD38B /* UITableView+Utility.swift */,
				4895304E1D12AD4100DFD38B /* UIView+Sync.swift */,
				4895304F1D12AD4100DFD38B /* UIView+Utility.swift */,
				48B698321EB3219500E1DC9E /* Int+Utility.swift */,
				489D8CA21D23A6AE0020515D /* UIApplication+Utility.swift */,
				48991B0B1D460C60007467A4 /* Array+Utility.swift */,
				48B465E81D48DB5D00BA3B5E /* UIFont+Utility.swift */,
				487DBE2D1DBF5B250058359C /* CLPlacemark+Utility.swift */,
				4820E7611ED2DF9400244DED /* URL+Utility.swift */,
				48226AFE1F14E25E0023C4DD /* UIViewExtensions.swift */,
				48226AFF1F14E25E0023C4DD /* UIImageView+Utility.swift */,
			);
			path = Extentions;
			sourceTree = "<group>";
		};
		489530501D12AD4100DFD38B /* SyncEngine */ = {
			isa = PBXGroup;
			children = (
				489530511D12AD4100DFD38B /* SubClasses */,
				489530561D12AD4100DFD38B /* SyncEngine.swift */,
			);
			path = SyncEngine;
			sourceTree = "<group>";
		};
		489530511D12AD4100DFD38B /* SubClasses */ = {
			isa = PBXGroup;
			children = (
				489530521D12AD4100DFD38B /* SyncedColors.swift */,
				489530531D12AD4100DFD38B /* SyncedConstants.swift */,
				489530541D12AD4100DFD38B /* SyncedFontStyles.swift */,
				489530551D12AD4100DFD38B /* SyncedText.swift */,
			);
			path = SubClasses;
			sourceTree = "<group>";
		};
		48C017041EADE6D2008FB1B9 /* CoreData */ = {
			isa = PBXGroup;
			children = (
				48C017051EADE6D2008FB1B9 /* DataManager.swift */,
				48C017061EADE6D2008FB1B9 /* ManagedParser.swift */,
			);
			path = CoreData;
			sourceTree = "<group>";
		};
		48C4935A1E88F73900F14CF4 /* GISTSocial */ = {
			isa = PBXGroup;
			children = (
				48C4935B1E88F73900F14CF4 /* AppDelegate */,
				4809C7331EB8AE480060F64E /* Authentication */,
				48C493611E88F73900F14CF4 /* Global */,
				48C4935D1E88F73900F14CF4 /* AppInfo */,
				4809C7361EB8AE910060F64E /* Helpers */,
				48949D7B1ED814750055CD6C /* Model */,
				48C493651E88F73900F14CF4 /* Protocols */,
				48C017041EADE6D2008FB1B9 /* CoreData */,
				48C493631E88F73900F14CF4 /* HTTPServiceManager */,
				48C493671E88F73900F14CF4 /* Reachability */,
				48C493691E88F73900F14CF4 /* TutorialView */,
			);
			path = GISTSocial;
			sourceTree = "<group>";
		};
		48C4935B1E88F73900F14CF4 /* AppDelegate */ = {
			isa = PBXGroup;
			children = (
				48C4935C1E88F73900F14CF4 /* GISTAppDelegate.swift */,
			);
			path = AppDelegate;
			sourceTree = "<group>";
		};
		48C4935D1E88F73900F14CF4 /* AppInfo */ = {
			isa = PBXGroup;
			children = (
				48C4935E1E88F73900F14CF4 /* AppInfo.swift */,
			);
			path = AppInfo;
			sourceTree = "<group>";
		};
		48C493611E88F73900F14CF4 /* Global */ = {
			isa = PBXGroup;
			children = (
				48C493621E88F73900F14CF4 /* GISTGlobal.swift */,
				48E192881E8BC1C600638528 /* GISTEnumNConstants.swift */,
			);
			path = Global;
			sourceTree = "<group>";
		};
		48C493631E88F73900F14CF4 /* HTTPServiceManager */ = {
			isa = PBXGroup;
			children = (
				48C493641E88F73900F14CF4 /* HTTPServiceManager.swift */,
			);
			path = HTTPServiceManager;
			sourceTree = "<group>";
		};
		48C493651E88F73900F14CF4 /* Protocols */ = {
			isa = PBXGroup;
			children = (
				48C493661E88F73900F14CF4 /* Mappable+ToDictionary.swift */,
				4890D19C1ED612D5004E012D /* GISTUser.swift */,
			);
			path = Protocols;
			sourceTree = "<group>";
		};
		48C493671E88F73900F14CF4 /* Reachability */ = {
			isa = PBXGroup;
			children = (
				48C493681E88F73900F14CF4 /* ReachabilityHelper.swift */,
			);
			path = Reachability;
			sourceTree = "<group>";
		};
		48C493691E88F73900F14CF4 /* TutorialView */ = {
			isa = PBXGroup;
			children = (
				48C4936A1E88F73900F14CF4 /* TutorialView.swift */,
			);
			path = TutorialView;
			sourceTree = "<group>";
		};
		48EA5C441D0FD35B003FDDAF = {
			isa = PBXGroup;
			children = (
				48EA5C501D0FD35B003FDDAF /* GISTFramework */,
				48EA5C4F1D0FD35B003FDDAF /* Products */,
				399A3C847A17BF02803DD8A0 /* Pods */,
				DB474B5B224DFBB861E44A2B /* Frameworks */,
			);
			sourceTree = "<group>";
		};
		48EA5C4F1D0FD35B003FDDAF /* Products */ = {
			isa = PBXGroup;
			children = (
				48EA5C4E1D0FD35B003FDDAF /* GISTFramework.framework */,
			);
			name = Products;
			sourceTree = "<group>";
		};
		48EA5C501D0FD35B003FDDAF /* GISTFramework */ = {
			isa = PBXGroup;
			children = (
				48EA5C511D0FD35B003FDDAF /* GISTFramework.h */,
				489530291D12AD4100DFD38B /* Classes */,
				48EA5C531D0FD35B003FDDAF /* Info.plist */,
			);
			path = GISTFramework;
			sourceTree = "<group>";
		};
		48EB0AD71D7FEE7900BD93BC /* GISTCore */ = {
			isa = PBXGroup;
			children = (
				48DAD7511F3CB25F00FC8C0D /* ThresholdTime.swift */,
				48EB0AE91D7FEFD700BD93BC /* GISTApplication.swift */,
				48EB0AEB1D7FF45B00BD93BC /* GISTUtility.swift */,
				489691E81DDE46E6001DDCE5 /* Weak.swift */,
				48CF84F81DF1564E008C7D85 /* GISTConfig.swift */,
				484942D21E733576004F4A9B /* BaseViewProtocol.swift */,
			);
			path = GISTCore;
			sourceTree = "<group>";
		};
		DB474B5B224DFBB861E44A2B /* Frameworks */ = {
			isa = PBXGroup;
			children = (
				FA66D834B312F157A5D9B434 /* Pods_GISTFramework.framework */,
			);
			name = Frameworks;
			sourceTree = "<group>";
		};
/* End PBXGroup section */

/* Begin PBXHeadersBuildPhase section */
		48EA5C4B1D0FD35B003FDDAF /* Headers */ = {
			isa = PBXHeadersBuildPhase;
			buildActionMask = 2147483647;
			files = (
				48EA5C521D0FD35B003FDDAF /* GISTFramework.h in Headers */,
			);
			runOnlyForDeploymentPostprocessing = 0;
		};
/* End PBXHeadersBuildPhase section */

/* Begin PBXNativeTarget section */
		48EA5C4D1D0FD35B003FDDAF /* GISTFramework */ = {
			isa = PBXNativeTarget;
			buildConfigurationList = 48EA5C561D0FD35B003FDDAF /* Build configuration list for PBXNativeTarget "GISTFramework" */;
			buildPhases = (
				9DD9D684714A3508B9AE8516 /* [CP] Check Pods Manifest.lock */,
				48EA5C491D0FD35B003FDDAF /* Sources */,
				48EA5C4A1D0FD35B003FDDAF /* Frameworks */,
				48EA5C4B1D0FD35B003FDDAF /* Headers */,
				48EA5C4C1D0FD35B003FDDAF /* Resources */,
				1A1135979E691962458740D1 /* [CP] Copy Pods Resources */,
			);
			buildRules = (
			);
			dependencies = (
			);
			name = GISTFramework;
			productName = GISTFramework;
			productReference = 48EA5C4E1D0FD35B003FDDAF /* GISTFramework.framework */;
			productType = "com.apple.product-type.framework";
		};
/* End PBXNativeTarget section */

/* Begin PBXProject section */
		48EA5C451D0FD35B003FDDAF /* Project object */ = {
			isa = PBXProject;
			attributes = {
				LastUpgradeCheck = 0900;
				ORGANIZATIONNAME = "Social Cubix";
				TargetAttributes = {
					48EA5C4D1D0FD35B003FDDAF = {
						CreatedOnToolsVersion = 7.3.1;
						LastSwiftMigration = 0900;
					};
				};
			};
			buildConfigurationList = 48EA5C481D0FD35B003FDDAF /* Build configuration list for PBXProject "GISTFramework" */;
			compatibilityVersion = "Xcode 3.2";
			developmentRegion = English;
			hasScannedForEncodings = 0;
			knownRegions = (
				en,
			);
			mainGroup = 48EA5C441D0FD35B003FDDAF;
			productRefGroup = 48EA5C4F1D0FD35B003FDDAF /* Products */;
			projectDirPath = "";
			projectRoot = "";
			targets = (
				48EA5C4D1D0FD35B003FDDAF /* GISTFramework */,
			);
		};
/* End PBXProject section */

/* Begin PBXResourcesBuildPhase section */
		48EA5C4C1D0FD35B003FDDAF /* Resources */ = {
			isa = PBXResourcesBuildPhase;
			buildActionMask = 2147483647;
			files = (
			);
			runOnlyForDeploymentPostprocessing = 0;
		};
/* End PBXResourcesBuildPhase section */

/* Begin PBXShellScriptBuildPhase section */
		1A1135979E691962458740D1 /* [CP] Copy Pods Resources */ = {
			isa = PBXShellScriptBuildPhase;
			buildActionMask = 2147483647;
			files = (
			);
			inputPaths = (
			);
			name = "[CP] Copy Pods Resources";
			outputPaths = (
			);
			runOnlyForDeploymentPostprocessing = 0;
			shellPath = /bin/sh;
			shellScript = "\"${SRCROOT}/Pods/Target Support Files/Pods-GISTFramework/Pods-GISTFramework-resources.sh\"\n";
			showEnvVarsInLog = 0;
		};
		9DD9D684714A3508B9AE8516 /* [CP] Check Pods Manifest.lock */ = {
			isa = PBXShellScriptBuildPhase;
			buildActionMask = 2147483647;
			files = (
			);
			inputPaths = (
				"${PODS_PODFILE_DIR_PATH}/Podfile.lock",
				"${PODS_ROOT}/Manifest.lock",
			);
			name = "[CP] Check Pods Manifest.lock";
			outputPaths = (
				"$(DERIVED_FILE_DIR)/Pods-GISTFramework-checkManifestLockResult.txt",
			);
			runOnlyForDeploymentPostprocessing = 0;
			shellPath = /bin/sh;
			shellScript = "diff \"${PODS_PODFILE_DIR_PATH}/Podfile.lock\" \"${PODS_ROOT}/Manifest.lock\" > /dev/null\nif [ $? != 0 ] ; then\n    # print error to STDERR\n    echo \"error: The sandbox is not in sync with the Podfile.lock. Run 'pod install' or update your CocoaPods installation.\" >&2\n    exit 1\nfi\n# This output is used by Xcode 'outputs' to avoid re-running this script phase.\necho \"SUCCESS\" > \"${SCRIPT_OUTPUT_FILE_0}\"\n";
			showEnvVarsInLog = 0;
		};
/* End PBXShellScriptBuildPhase section */

/* Begin PBXSourcesBuildPhase section */
		48EA5C491D0FD35B003FDDAF /* Sources */ = {
			isa = PBXSourcesBuildPhase;
			buildActionMask = 2147483647;
			files = (
				489530601D12AD4100DFD38B /* BaseUINavigationController.swift in Sources */,
				48B698331EB3219500E1DC9E /* Int+Utility.swift in Sources */,
				489530571D12AD4100DFD38B /* BaseLayoutConstraint.swift in Sources */,
				48439F351ECC594F00836301 /* InputMaskTextField.swift in Sources */,
				4895305A1D12AD4100DFD38B /* BaseUICollectionView.swift in Sources */,
				489530631D12AD4100DFD38B /* BaseUISearchBar.swift in Sources */,
				48C493711E88F73900F14CF4 /* HTTPServiceManager.swift in Sources */,
				48949D7D1ED814750055CD6C /* ModelUser.swift in Sources */,
				48DA7E7F1D9E674F00464066 /* BaseUISearchController.swift in Sources */,
				484942CB1E73050E004F4A9B /* UIRadioButton.swift in Sources */,
				489530791D12AD4100DFD38B /* UIView+Sync.swift in Sources */,
				4895306D1D12AD4100DFD38B /* BaseUIViewController.swift in Sources */,
				484942C61E73050E004F4A9B /* CustomUIButtonDetailed.swift in Sources */,
				484942C81E73050E004F4A9B /* PopoverController.swift in Sources */,
				484942CD1E73050E004F4A9B /* ValidatedTextField.swift in Sources */,
				4895305F1D12AD4100DFD38B /* BaseUILabel.swift in Sources */,
				489530681D12AD4100DFD38B /* BaseUITableView.swift in Sources */,
				48C4936E1E88F73900F14CF4 /* AppInfo.swift in Sources */,
				48D59DCC1DB4081400B65A2E /* UIScrollView+Utility.swift in Sources */,
				48EB0AEC1D7FF45B00BD93BC /* GISTUtility.swift in Sources */,
				4895305B1D12AD4100DFD38B /* BaseUICollectionViewCell.swift in Sources */,
				489530641D12AD4100DFD38B /* BaseUISegmentedControl.swift in Sources */,
				4809C7351EB8AE480060F64E /* GISTAuth.swift in Sources */,
				48991B0C1D460C60007467A4 /* Array+Utility.swift in Sources */,
				48A518801E5199FB006AE30A /* BaseUIStackView.swift in Sources */,
				48BD58A91DF948D400E4274D /* BaseUIPageControl.swift in Sources */,
				48051E2D1F16318A006C5507 /* ValidatedTextInput.swift in Sources */,
				484942CA1E73050E004F4A9B /* ProgressUIButton.swift in Sources */,
				489530671D12AD4100DFD38B /* BaseUISwitch.swift in Sources */,
				484942D11E732E4E004F4A9B /* BaseUIPopoverNavigationController.swift in Sources */,
				48051E2B1F160E28006C5507 /* ValidatedAnimatedTextInput.swift in Sources */,
				4895305D1D12AD4100DFD38B /* BaseUIDesignableView.swift in Sources */,
				48C493741E88F73900F14CF4 /* TutorialView.swift in Sources */,
				489530581D12AD4100DFD38B /* BaseSeperatorLayoutConstraint.swift in Sources */,
				48DAD7521F3CB25F00FC8C0D /* ThresholdTime.swift in Sources */,
				48C4936D1E88F73900F14CF4 /* GISTAppDelegate.swift in Sources */,
				484942CE1E73050E004F4A9B /* ValidatedTextView.swift in Sources */,
				489421C81D48954400310089 /* UIColor+Utility.swift in Sources */,
				48EB0AEA1D7FEFD700BD93BC /* GISTApplication.swift in Sources */,
				48C017081EADE6D2008FB1B9 /* ManagedParser.swift in Sources */,
				484942C91E73050E004F4A9B /* PopoverControllerView.swift in Sources */,
				48D06BCE1D3772D8007EC9AA /* BaseUITabBarController.swift in Sources */,
				489D8CA31D23A6AE0020515D /* UIApplication+Utility.swift in Sources */,
				48065F6E1F12663D00747C99 /* MaskedPhoneTextFieldDelegate.swift in Sources */,
				484942CC1E73050E004F4A9B /* UnderlinedUITextField.swift in Sources */,
				48226B0B1F14E2B10023C4DD /* AnimatedTextInput.swift in Sources */,
				48BE3B3E1E77FAAE003C3198 /* UITextField+Utility.swift in Sources */,
				48C017071EADE6D2008FB1B9 /* DataManager.swift in Sources */,
				48C493721E88F73900F14CF4 /* Mappable+ToDictionary.swift in Sources */,
				48B1371C1DF5400500842204 /* BaseUIBarButtonItem.swift in Sources */,
				489530661D12AD4100DFD38B /* BaseUIStepper.swift in Sources */,
				48226B0C1F14E2B10023C4DD /* AnimatedTextInputFieldConfigurator.swift in Sources */,
				489530691D12AD4100DFD38B /* BaseUITableViewCell.swift in Sources */,
				48B698311EB316C100E1DC9E /* PinCodeTextField.swift in Sources */,
				484942D31E733576004F4A9B /* BaseViewProtocol.swift in Sources */,
				489530651D12AD4100DFD38B /* BaseUISlider.swift in Sources */,
				489530621D12AD4100DFD38B /* BaseUIScrollView.swift in Sources */,
				484942C41E73050E004F4A9B /* CustomImageView.swift in Sources */,
				48BE3B3A1E77D8BF003C3198 /* FloatingLabelTextField.swift in Sources */,
				4895307E1D12AD4100DFD38B /* SyncedText.swift in Sources */,
				4895307F1D12AD4100DFD38B /* SyncEngine.swift in Sources */,
				4895307A1D12AD4100DFD38B /* UIView+Utility.swift in Sources */,
				48226B011F14E25E0023C4DD /* UIImageView+Utility.swift in Sources */,
				48226B091F14E2B10023C4DD /* AnimatedLine.swift in Sources */,
				489530771D12AD4100DFD38B /* UIImage+Utility.swift in Sources */,
				486865051D643C2E000BD55D /* BaseUITableViewHeaderFooterView.swift in Sources */,
				4809C7381EB8AEB30060F64E /* GISTSocialUtils.swift in Sources */,
				484942C51E73050E004F4A9B /* CustomUIButton.swift in Sources */,
				48DA7E7D1D9E666200464066 /* BaseUITableViewController.swift in Sources */,
				48F569F21D37CE30007849A8 /* BaseUINavigationItem.swift in Sources */,
				48B465E91D48DB5D00BA3B5E /* UIFont+Utility.swift in Sources */,
				48D59DCD1DB4081400B65A2E /* JSON+Utility.swift in Sources */,
				489530781D12AD4100DFD38B /* UITableView+Utility.swift in Sources */,
				48226B001F14E25E0023C4DD /* UIViewExtensions.swift in Sources */,
				487DBE2E1DBF5B250058359C /* CLPlacemark+Utility.swift in Sources */,
				4895305C1D12AD4100DFD38B /* BaseUIDesignableButton.swift in Sources */,
				4820E7621ED2DF9400244DED /* URL+Utility.swift in Sources */,
				489530591D12AD4100DFD38B /* BaseUIButton.swift in Sources */,
				48E574DD1EFCF077002FF32C /* Data+Utility.swift in Sources */,
				48C493731E88F73900F14CF4 /* ReachabilityHelper.swift in Sources */,
				48E192891E8BC1C600638528 /* GISTEnumNConstants.swift in Sources */,
				4895307B1D12AD4100DFD38B /* SyncedColors.swift in Sources */,
				48CF84F91DF1564E008C7D85 /* GISTConfig.swift in Sources */,
				489691E91DDE46E6001DDCE5 /* Weak.swift in Sources */,
				4895306B1D12AD4100DFD38B /* BaseUITextView.swift in Sources */,
				4895306C1D12AD4100DFD38B /* BaseUIView.swift in Sources */,
				48E574DB1EFCE2D3002FF32C /* GISTFile.swift in Sources */,
				48226B0E1F14E2B10023C4DD /* AnimatedTextView.swift in Sources */,
				4895307C1D12AD4100DFD38B /* SyncedConstants.swift in Sources */,
				48226B0D1F14E2B10023C4DD /* AnimatedTextInputStyle.swift in Sources */,
				4895307D1D12AD4100DFD38B /* SyncedFontStyles.swift in Sources */,
				483640F71E717774007FD8AC /* String+Utility.swift in Sources */,
				484942C71E73050E004F4A9B /* CustomUIImageView.swift in Sources */,
				48226B0A1F14E2B10023C4DD /* AnimatedTextField.swift in Sources */,
				4895306A1D12AD4100DFD38B /* BaseUITextField.swift in Sources */,
				4895305E1D12AD4100DFD38B /* BaseUIImageView.swift in Sources */,
				48C493701E88F73900F14CF4 /* GISTGlobal.swift in Sources */,
				486588171F42C6EB00DE5A56 /* AnimatedInputMaskTextField.swift in Sources */,
				4890D19D1ED612D5004E012D /* GISTUser.swift in Sources */,
			);
			runOnlyForDeploymentPostprocessing = 0;
		};
/* End PBXSourcesBuildPhase section */

/* Begin XCBuildConfiguration section */
		48EA5C541D0FD35B003FDDAF /* Debug */ = {
			isa = XCBuildConfiguration;
			buildSettings = {
				ALWAYS_SEARCH_USER_PATHS = NO;
				CLANG_ANALYZER_NONNULL = YES;
				CLANG_CXX_LANGUAGE_STANDARD = "gnu++0x";
				CLANG_CXX_LIBRARY = "libc++";
				CLANG_ENABLE_MODULES = YES;
				CLANG_ENABLE_OBJC_ARC = YES;
				CLANG_WARN_BLOCK_CAPTURE_AUTORELEASING = YES;
				CLANG_WARN_BOOL_CONVERSION = YES;
				CLANG_WARN_COMMA = YES;
				CLANG_WARN_CONSTANT_CONVERSION = YES;
				CLANG_WARN_DIRECT_OBJC_ISA_USAGE = YES_ERROR;
				CLANG_WARN_EMPTY_BODY = YES;
				CLANG_WARN_ENUM_CONVERSION = YES;
				CLANG_WARN_INFINITE_RECURSION = YES;
				CLANG_WARN_INT_CONVERSION = YES;
				CLANG_WARN_NON_LITERAL_NULL_CONVERSION = YES;
				CLANG_WARN_OBJC_LITERAL_CONVERSION = YES;
				CLANG_WARN_OBJC_ROOT_CLASS = YES_ERROR;
				CLANG_WARN_RANGE_LOOP_ANALYSIS = YES;
				CLANG_WARN_STRICT_PROTOTYPES = YES;
				CLANG_WARN_SUSPICIOUS_MOVE = YES;
				CLANG_WARN_UNREACHABLE_CODE = YES;
				CLANG_WARN__DUPLICATE_METHOD_MATCH = YES;
				"CODE_SIGN_IDENTITY[sdk=iphoneos*]" = "iPhone Developer";
				COPY_PHASE_STRIP = NO;
				CURRENT_PROJECT_VERSION = 1;
				DEBUG_INFORMATION_FORMAT = dwarf;
				ENABLE_STRICT_OBJC_MSGSEND = YES;
				ENABLE_TESTABILITY = YES;
				GCC_C_LANGUAGE_STANDARD = gnu99;
				GCC_DYNAMIC_NO_PIC = NO;
				GCC_NO_COMMON_BLOCKS = YES;
				GCC_OPTIMIZATION_LEVEL = 0;
				GCC_PREPROCESSOR_DEFINITIONS = (
					"DEBUG=1",
					"$(inherited)",
				);
				GCC_WARN_64_TO_32_BIT_CONVERSION = YES;
				GCC_WARN_ABOUT_RETURN_TYPE = YES_ERROR;
				GCC_WARN_UNDECLARED_SELECTOR = YES;
				GCC_WARN_UNINITIALIZED_AUTOS = YES_AGGRESSIVE;
				GCC_WARN_UNUSED_FUNCTION = YES;
				GCC_WARN_UNUSED_VARIABLE = YES;
				IPHONEOS_DEPLOYMENT_TARGET = 10.0;
				MTL_ENABLE_DEBUG_INFO = YES;
				ONLY_ACTIVE_ARCH = YES;
				SDKROOT = iphoneos;
				SWIFT_OPTIMIZATION_LEVEL = "-Onone";
				TARGETED_DEVICE_FAMILY = "1,2";
				VERSIONING_SYSTEM = "apple-generic";
				VERSION_INFO_PREFIX = "";
			};
			name = Debug;
		};
		48EA5C551D0FD35B003FDDAF /* Release */ = {
			isa = XCBuildConfiguration;
			buildSettings = {
				ALWAYS_SEARCH_USER_PATHS = NO;
				CLANG_ANALYZER_NONNULL = YES;
				CLANG_CXX_LANGUAGE_STANDARD = "gnu++0x";
				CLANG_CXX_LIBRARY = "libc++";
				CLANG_ENABLE_MODULES = YES;
				CLANG_ENABLE_OBJC_ARC = YES;
				CLANG_WARN_BLOCK_CAPTURE_AUTORELEASING = YES;
				CLANG_WARN_BOOL_CONVERSION = YES;
				CLANG_WARN_COMMA = YES;
				CLANG_WARN_CONSTANT_CONVERSION = YES;
				CLANG_WARN_DIRECT_OBJC_ISA_USAGE = YES_ERROR;
				CLANG_WARN_EMPTY_BODY = YES;
				CLANG_WARN_ENUM_CONVERSION = YES;
				CLANG_WARN_INFINITE_RECURSION = YES;
				CLANG_WARN_INT_CONVERSION = YES;
				CLANG_WARN_NON_LITERAL_NULL_CONVERSION = YES;
				CLANG_WARN_OBJC_LITERAL_CONVERSION = YES;
				CLANG_WARN_OBJC_ROOT_CLASS = YES_ERROR;
				CLANG_WARN_RANGE_LOOP_ANALYSIS = YES;
				CLANG_WARN_STRICT_PROTOTYPES = YES;
				CLANG_WARN_SUSPICIOUS_MOVE = YES;
				CLANG_WARN_UNREACHABLE_CODE = YES;
				CLANG_WARN__DUPLICATE_METHOD_MATCH = YES;
				"CODE_SIGN_IDENTITY[sdk=iphoneos*]" = "iPhone Developer";
				COPY_PHASE_STRIP = NO;
				CURRENT_PROJECT_VERSION = 1;
				DEBUG_INFORMATION_FORMAT = "dwarf-with-dsym";
				ENABLE_NS_ASSERTIONS = NO;
				ENABLE_STRICT_OBJC_MSGSEND = YES;
				GCC_C_LANGUAGE_STANDARD = gnu99;
				GCC_NO_COMMON_BLOCKS = YES;
				GCC_WARN_64_TO_32_BIT_CONVERSION = YES;
				GCC_WARN_ABOUT_RETURN_TYPE = YES_ERROR;
				GCC_WARN_UNDECLARED_SELECTOR = YES;
				GCC_WARN_UNINITIALIZED_AUTOS = YES_AGGRESSIVE;
				GCC_WARN_UNUSED_FUNCTION = YES;
				GCC_WARN_UNUSED_VARIABLE = YES;
				IPHONEOS_DEPLOYMENT_TARGET = 10.0;
				MTL_ENABLE_DEBUG_INFO = NO;
				SDKROOT = iphoneos;
				SWIFT_OPTIMIZATION_LEVEL = "-Owholemodule";
				TARGETED_DEVICE_FAMILY = "1,2";
				VALIDATE_PRODUCT = YES;
				VERSIONING_SYSTEM = "apple-generic";
				VERSION_INFO_PREFIX = "";
			};
			name = Release;
		};
		48EA5C571D0FD35B003FDDAF /* Debug */ = {
			isa = XCBuildConfiguration;
			baseConfigurationReference = 47A752A77860274A822EC83C /* Pods-GISTFramework.debug.xcconfig */;
			buildSettings = {
				ALWAYS_EMBED_SWIFT_STANDARD_LIBRARIES = YES;
				"CODE_SIGN_IDENTITY[sdk=iphoneos*]" = "";
				DEFINES_MODULE = YES;
				DYLIB_COMPATIBILITY_VERSION = 1;
				DYLIB_CURRENT_VERSION = 1;
				DYLIB_INSTALL_NAME_BASE = "@rpath";
				INFOPLIST_FILE = GISTFramework/Info.plist;
				INSTALL_PATH = "$(LOCAL_LIBRARY_DIR)/Frameworks";
				IPHONEOS_DEPLOYMENT_TARGET = 10.0;
				LD_RUNPATH_SEARCH_PATHS = "$(inherited) @executable_path/Frameworks @loader_path/Frameworks";
				OTHER_SWIFT_FLAGS = "-DDEBUG";
				PRODUCT_BUNDLE_IDENTIFIER = com.cubix.GISTFramework;
				PRODUCT_NAME = "$(TARGET_NAME)";
				SKIP_INSTALL = YES;
				SWIFT_SWIFT3_OBJC_INFERENCE = On;
				SWIFT_VERSION = 4.0;
			};
			name = Debug;
		};
		48EA5C581D0FD35B003FDDAF /* Release */ = {
			isa = XCBuildConfiguration;
			baseConfigurationReference = 601E2723144B35C12AB95A07 /* Pods-GISTFramework.release.xcconfig */;
			buildSettings = {
				ALWAYS_EMBED_SWIFT_STANDARD_LIBRARIES = YES;
				"CODE_SIGN_IDENTITY[sdk=iphoneos*]" = "";
				DEFINES_MODULE = YES;
				DYLIB_COMPATIBILITY_VERSION = 1;
				DYLIB_CURRENT_VERSION = 1;
				DYLIB_INSTALL_NAME_BASE = "@rpath";
				INFOPLIST_FILE = GISTFramework/Info.plist;
				INSTALL_PATH = "$(LOCAL_LIBRARY_DIR)/Frameworks";
				IPHONEOS_DEPLOYMENT_TARGET = 10.0;
				LD_RUNPATH_SEARCH_PATHS = "$(inherited) @executable_path/Frameworks @loader_path/Frameworks";
				OTHER_SWIFT_FLAGS = "-DRELEASE";
				PRODUCT_BUNDLE_IDENTIFIER = com.cubix.GISTFramework;
				PRODUCT_NAME = "$(TARGET_NAME)";
				SKIP_INSTALL = YES;
				SWIFT_SWIFT3_OBJC_INFERENCE = On;
				SWIFT_VERSION = 4.0;
			};
			name = Release;
		};
/* End XCBuildConfiguration section */

/* Begin XCConfigurationList section */
		48EA5C481D0FD35B003FDDAF /* Build configuration list for PBXProject "GISTFramework" */ = {
			isa = XCConfigurationList;
			buildConfigurations = (
				48EA5C541D0FD35B003FDDAF /* Debug */,
				48EA5C551D0FD35B003FDDAF /* Release */,
			);
			defaultConfigurationIsVisible = 0;
			defaultConfigurationName = Release;
		};
		48EA5C561D0FD35B003FDDAF /* Build configuration list for PBXNativeTarget "GISTFramework" */ = {
			isa = XCConfigurationList;
			buildConfigurations = (
				48EA5C571D0FD35B003FDDAF /* Debug */,
				48EA5C581D0FD35B003FDDAF /* Release */,
			);
			defaultConfigurationIsVisible = 0;
			defaultConfigurationName = Release;
		};
/* End XCConfigurationList section */
	};
	rootObject = 48EA5C451D0FD35B003FDDAF /* Project object */;
}
